{
  "version": 4,
  "terraform_version": "1.15.3",
  "serial": 121,
  "lineage": "0288adea-d3cc-5462-0a32-0891c48363a0",
  "outputs": {
    "bucket_arn": {
      "value": "arn:aws:s3:::lovv-data-pipeline-dev-925273580929",
      "type": "string"
    },
    "bucket_name": {
      "value": "lovv-data-pipeline-dev-925273580929",
      "type": "string"
    },
    "domain_dynamodb_table_arn": {
      "value": "arn:aws:dynamodb:us-east-1:925273580929:table/TourKoreaDomainData",
      "type": "string"
    },
    "domain_dynamodb_table_name": {
      "value": "TourKoreaDomainData",
      "type": "string"
    },
    "kr_pipeline_transform_lambda_arn": {
      "value": "arn:aws:lambda:us-east-1:925273580929:function:kr-pipeline-transform",
      "type": "string"
    },
    "kr_pipeline_transform_lambda_name": {
      "value": "kr-pipeline-transform",
      "type": "string"
    },
    "kr_pipeline_vector_lambda_arn": {
      "value": "arn:aws:lambda:us-east-1:925273580929:function:kr-pipeline-vector",
      "type": "string"
    },
    "kr_pipeline_vector_lambda_name": {
      "value": "kr-pipeline-vector",
      "type": "string"
    },
    "kr_vector_index_arn": {
      "value": "arn:aws:s3vectors:us-east-1:925273580929:bucket/lovv-vector-dev/index/kr-tour-domain-v1",
      "type": "string"
    },
    "kr_vector_index_name": {
      "value": "kr-tour-domain-v1",
      "type": "string"
    },
    "lambda_role_arn": {
      "value": "arn:aws:iam::925273580929:role/lovv-data-pipeline-lambda-dev",
      "type": "string"
    },
    "s3_vector_index_reader_role_arn": {
      "value": "arn:aws:iam::925273580929:role/lovv-vector-index-reader-dev",
      "type": "string"
    },
    "s3_vector_index_writer_role_arn": {
      "value": "arn:aws:iam::925273580929:role/lovv-vector-index-writer-dev",
      "type": "string"
    },
    "vector_bucket_name": {
      "value": "lovv-vector-dev",
      "type": "string"
    }
  },
  "resources": [
    {
      "mode": "data",
      "type": "archive_file",
      "name": "kr_image_processor_lambda",
      "provider": "provider[\"registry.terraform.io/hashicorp/archive\"]",
      "instances": [
        {
          "schema_version": 0,
          "attributes": {
            "exclude_symlink_directories": null,
            "excludes": [
              "**/__pycache__/**",
              "**/tests/**"
            ],
            "id": "0cfb1bbd381ae3d91bc49340af8cac42445d39d1",
            "output_base64sha256": "PXeykz42oqbjw8KNBnYzLKoO7z+SrctLlHZ8TXxI4HE=",
            "output_base64sha512": "ruaFhtHScoTAXpH9IQw+6+Q3ciCx1Nbk27njKOZdnByjTxhy1OVVIa3P5DOd7/hfvW3nQgUNhMnafsDjhZ5Ajw==",
            "output_file_mode": null,
            "output_md5": "15ebcb6dcd5fee3b4f4a84159ec82597",
            "output_path": "./kr_image_processor_lambda.zip",
            "output_sha": "0cfb1bbd381ae3d91bc49340af8cac42445d39d1",
            "output_sha256": "3d77b2933e36a2a6e3c3c28d0676332caa0eef3f92adcb4b94767c4d7c48e071",
            "output_sha512": "aee68586d1d27284c05e91fd210c3eebe4377220b1d4d6e4dbb9e328e65d9c1ca34f1872d4e55521adcfe4339deff85fbd6de742050d84c9da7ec0e3859e408f",
            "output_size": 6855,
            "source": [],
            "source_content": null,
            "source_content_filename": null,
            "source_dir": "./../../src/kr_image_processor",
            "source_file": null,
            "type": "zip"
          },
          "sensitive_attributes": [],
          "identity_schema_version": 0
        }
      ]
    },
    {
      "mode": "data",
      "type": "archive_file",
      "name": "kr_pipeline_lambda",
      "provider": "provider[\"registry.terraform.io/hashicorp/archive\"]",
      "instances": [
        {
          "schema_version": 0,
          "attributes": {
            "exclude_symlink_directories": null,
            "excludes": [
              "**/__pycache__/**",
              "**/tests/**",
              "kr_vector_index/**"
            ],
            "id": "9d973d50ea5ba9e3ff7a3c15331239c5c7e92064",
            "output_base64sha256": "xttV60kUqvM7xjSeMTBVsH0+h/al9i9QhOFykdv8vI4=",
            "output_base64sha512": "QdUQToBue9kSP43NjlKXmGv2+RxRbh8sVyyKF4yZC/34Q/AF5N/BYw/tzzdiLgH2ZumkDLWoC+5m1cD+KcUYOQ==",
            "output_file_mode": null,
            "output_md5": "e202f0585d6c3f3efb9655c1b5cce95f",
            "output_path": "./kr_pipeline_lambda.zip",
            "output_sha": "9d973d50ea5ba9e3ff7a3c15331239c5c7e92064",
            "output_sha256": "c6db55eb4914aaf33bc6349e313055b07d3e87f6a5f62f5084e17291dbfcbc8e",
            "output_sha512": "41d5104e806e7bd9123f8dcd8e5297986bf6f91c516e1f2c572c8a178c990bfdf843f005e4dfc1630fedcf37622e01f666e9a40cb5a80bee66d5c0fe29c51839",
            "output_size": 98431,
            "source": [],
            "source_content": null,
            "source_content_filename": null,
            "source_dir": "./../../src",
            "source_file": null,
            "type": "zip"
          },
          "sensitive_attributes": [],
          "identity_schema_version": 0
        }
      ]
    },
    {
      "mode": "data",
      "type": "archive_file",
      "name": "kr_unified_pipeline_lambda",
      "provider": "provider[\"registry.terraform.io/hashicorp/archive\"]",
      "instances": [
        {
          "schema_version": 0,
          "attributes": {
            "exclude_symlink_directories": null,
            "excludes": [
              "**/__pycache__/**",
              "**/tests/**",
              "kr_image_processor/**",
              "kr_vector_index/**"
            ],
            "id": "19806a1180831b32032fbfb72647c09535e57b93",
            "output_base64sha256": "bGtPaFara5g8zOE+uiTPT/VU5P1tSvPSsXu6RdYblKw=",
            "output_base64sha512": "4miYG77JhPPJJefBjfYa5OnZPYW23dIAXbN/uSxpo8rsI8aibk9n1y+XDB/knsSg8TS1I48buarnM6Iy7LyDUQ==",
            "output_file_mode": null,
            "output_md5": "687902da834e658f80a6d258d79cf929",
            "output_path": "./kr_unified_pipeline_lambda.zip",
            "output_sha": "19806a1180831b32032fbfb72647c09535e57b93",
            "output_sha256": "6c6b4f6856ab6b983ccce13eba24cf4ff554e4fd6d4af3d2b17bba45d61b94ac",
            "output_sha512": "e268981bbec984f3c925e7c18df61ae4e9d93d85b6ddd2005db37fb92c69a3caec23c6a26e4f67d72f970c1fe49ec4a0f134b5238f1bb9aae733a232ecbc8351",
            "output_size": 91370,
            "source": [],
            "source_content": null,
            "source_content_filename": null,
            "source_dir": "./../../src",
            "source_file": null,
            "type": "zip"
          },
          "sensitive_attributes": [],
          "identity_schema_version": 0
        }
      ]
    },
    {
      "mode": "data",
      "type": "archive_file",
      "name": "kr_vector_index_lambda",
      "provider": "provider[\"registry.terraform.io/hashicorp/archive\"]",
      "instances": [
        {
          "schema_version": 0,
          "attributes": {
            "exclude_symlink_directories": null,
            "excludes": [
              "**/__pycache__/**",
              "**/tests/**",
              "kr_details_pipeline/**"
            ],
            "id": "1254c9f662570c29f35d061c20458785e59f457b",
            "output_base64sha256": "qxLwSsz2PBInchsx2ga/8ONQ3KboIwdjeqmZavr4BQo=",
            "output_base64sha512": "9QTsjOKBSLFsAsm5BRc661wqCmmtGT6JrlmT32WWQ2MYXaR2zWq2Jh6rnmMBYZykozwdjmLHjWh5qWfEgrkLNA==",
            "output_file_mode": null,
            "output_md5": "7ce3a36414ef219f8b35999b6ebe99b4",
            "output_path": "./kr_vector_index_lambda.zip",
            "output_sha": "1254c9f662570c29f35d061c20458785e59f457b",
            "output_sha256": "ab12f04accf63c1227721b31da06bff0e350dca6e82307637aa9996afaf8050a",
            "output_sha512": "f504ec8ce28148b16c02c9b905173aeb5c2a0a69ad193e89ae5993df65964363185da476cd6ab6261eab9e6301619ca4a33c1d8e62c78d6879a967c482b90b34",
            "output_size": 72498,
            "source": [],
            "source_content": null,
            "source_content_filename": null,
            "source_dir": "./../../src",
            "source_file": null,
            "type": "zip"
          },
          "sensitive_attributes": [],
          "identity_schema_version": 0
        }
      ]
    },
    {
      "mode": "data",
      "type": "aws_caller_identity",
      "name": "current",
      "provider": "provider[\"registry.terraform.io/hashicorp/aws\"]",
      "instances": [
        {
          "schema_version": 0,
          "attributes": {
            "account_id": "925273580929",
            "arn": "arn:aws:iam::925273580929:user/nobrain711",
            "id": "925273580929",
            "user_id": "AIDA5O3U2MWAT5WXOBE46"
          },
          "sensitive_attributes": [],
          "identity_schema_version": 0
        }
      ]
    },
    {
      "mode": "managed",
      "type": "aws_cloudwatch_log_group",
      "name": "lambda_image",
      "provider": "provider[\"registry.terraform.io/hashicorp/aws\"]",
      "instances": [
        {
          "schema_version": 0,
          "attributes": {
            "arn": "arn:aws:logs:us-east-1:925273580929:log-group:/aws/lambda/kr-pipeline-image",
            "id": "/aws/lambda/kr-pipeline-image",
            "kms_key_id": "",
            "log_group_class": "STANDARD",
            "name": "/aws/lambda/kr-pipeline-image",
            "name_prefix": "",
            "retention_in_days": 14,
            "skip_destroy": false,
            "tags": {},
            "tags_all": {}
          },
          "sensitive_attributes": [],
          "identity_schema_version": 0,
          "private": "bnVsbA=="
        }
      ]
    },
    {
      "mode": "managed",
      "type": "aws_cloudwatch_log_group",
      "name": "lambda_loader",
      "provider": "provider[\"registry.terraform.io/hashicorp/aws\"]",
      "instances": [
        {
          "schema_version": 0,
          "attributes": {
            "arn": "arn:aws:logs:us-east-1:925273580929:log-group:/aws/lambda/kr-pipeline-loader",
            "id": "/aws/lambda/kr-pipeline-loader",
            "kms_key_id": "",
            "log_group_class": "STANDARD",
            "name": "/aws/lambda/kr-pipeline-loader",
            "name_prefix": "",
            "retention_in_days": 14,
            "skip_destroy": false,
            "tags": {},
            "tags_all": {}
          },
          "sensitive_attributes": [],
          "identity_schema_version": 0,
          "private": "bnVsbA=="
        }
      ]
    },
    {
      "mode": "managed",
      "type": "aws_cloudwatch_log_group",
      "name": "lambda_transform",
      "provider": "provider[\"registry.terraform.io/hashicorp/aws\"]",
      "instances": [
        {
          "schema_version": 0,
          "attributes": {
            "arn": "arn:aws:logs:us-east-1:925273580929:log-group:/aws/lambda/kr-pipeline-transform",
            "id": "/aws/lambda/kr-pipeline-transform",
            "kms_key_id": "",
            "log_group_class": "STANDARD",
            "name": "/aws/lambda/kr-pipeline-transform",
            "name_prefix": "",
            "retention_in_days": 14,
            "skip_destroy": false,
            "tags": {},
            "tags_all": {}
          },
          "sensitive_attributes": [],
          "identity_schema_version": 0,
          "private": "bnVsbA=="
        }
      ]
    },
    {
      "mode": "managed",
      "type": "aws_cloudwatch_log_group",
      "name": "lambda_vector",
      "provider": "provider[\"registry.terraform.io/hashicorp/aws\"]",
      "instances": [
        {
          "schema_version": 0,
          "attributes": {
            "arn": "arn:aws:logs:us-east-1:925273580929:log-group:/aws/lambda/kr-pipeline-vector",
            "id": "/aws/lambda/kr-pipeline-vector",
            "kms_key_id": "",
            "log_group_class": "STANDARD",
            "name": "/aws/lambda/kr-pipeline-vector",
            "name_prefix": "",
            "retention_in_days": 14,
            "skip_destroy": false,
            "tags": {},
            "tags_all": {}
          },
          "sensitive_attributes": [],
          "identity_schema_version": 0,
          "private": "bnVsbA=="
        }
      ]
    },
    {
      "mode": "managed",
      "type": "aws_cloudwatch_log_group",
      "name": "sfn_logs",
      "provider": "provider[\"registry.terraform.io/hashicorp/aws\"]",
      "instances": [
        {
          "schema_version": 0,
          "attributes": {
            "arn": "arn:aws:logs:us-east-1:925273580929:log-group:/aws/states/kr-data-pipeline-dev",
            "id": "/aws/states/kr-data-pipeline-dev",
            "kms_key_id": "",
            "log_group_class": "STANDARD",
            "name": "/aws/states/kr-data-pipeline-dev",
            "name_prefix": "",
            "retention_in_days": 14,
            "skip_destroy": false,
            "tags": {
              "Name": "kr-data-pipeline-sfn-logs-dev",
              "app": "data-pipeline",
              "env": "dev",
              "managed": "terraform",
              "phase": "phase0",
              "project": "lovv"
            },
            "tags_all": {
              "Name": "kr-data-pipeline-sfn-logs-dev",
              "app": "data-pipeline",
              "env": "dev",
              "managed": "terraform",
              "phase": "phase0",
              "project": "lovv"
            }
          },
          "sensitive_attributes": [],
          "identity_schema_version": 0,
          "private": "bnVsbA=="
        }
      ]
    },
    {
      "mode": "managed",
      "type": "aws_dynamodb_table",
      "name": "tourkorea_domain_data",
      "provider": "provider[\"registry.terraform.io/hashicorp/aws\"]",
      "instances": [
        {
          "schema_version": 1,
          "attributes": {
            "arn": "arn:aws:dynamodb:us-east-1:925273580929:table/TourKoreaDomainData",
            "attribute": [
              {
                "name": "PK",
                "type": "S"
              },
              {
                "name": "SK",
                "type": "S"
              },
              {
                "name": "city_key",
                "type": "S"
              },
              {
                "name": "domain_sort_key",
                "type": "S"
              },
              {
                "name": "entity_type",
                "type": "S"
              },
              {
                "name": "gsi_sk",
                "type": "S"
              },
              {
                "name": "province_key",
                "type": "S"
              }
            ],
            "billing_mode": "PAY_PER_REQUEST",
            "deletion_protection_enabled": false,
            "global_secondary_index": [
              {
                "hash_key": "city_key",
                "name": "GSI1",
                "non_key_attributes": [],
                "on_demand_throughput": [],
                "projection_type": "ALL",
                "range_key": "domain_sort_key",
                "read_capacity": 0,
                "write_capacity": 0
              },
              {
                "hash_key": "entity_type",
                "name": "FestivalMonthIndex",
                "non_key_attributes": [],
                "on_demand_throughput": [],
                "projection_type": "ALL",
                "range_key": "gsi_sk",
                "read_capacity": 0,
                "write_capacity": 0
              },
              {
                "hash_key": "entity_type",
                "name": "GSI3",
                "non_key_attributes": [],
                "on_demand_throughput": [],
                "projection_type": "ALL",
                "range_key": "domain_sort_key",
                "read_capacity": 0,
                "write_capacity": 0
              },
              {
                "hash_key": "province_key",
                "name": "GSI2",
                "non_key_attributes": [],
                "on_demand_throughput": [],
                "projection_type": "ALL",
                "range_key": "domain_sort_key",
                "read_capacity": 0,
                "write_capacity": 0
              }
            ],
            "hash_key": "PK",
            "id": "TourKoreaDomainData",
            "import_table": [],
            "local_secondary_index": [],
            "name": "TourKoreaDomainData",
            "on_demand_throughput": [],
            "point_in_time_recovery": [
              {
                "enabled": true,
                "recovery_period_in_days": 35
              }
            ],
            "range_key": "SK",
            "read_capacity": 0,
            "replica": [],
            "restore_date_time": null,
            "restore_source_name": null,
            "restore_source_table_arn": null,
            "restore_to_latest_time": null,
            "server_side_encryption": [],
            "stream_arn": "",
            "stream_enabled": false,
            "stream_label": "",
            "stream_view_type": "",
            "table_class": "STANDARD",
            "tags": {
              "Name": "TourKoreaDomainData",
              "app": "data-pipeline",
              "env": "dev",
              "managed": "terraform",
              "phase": "phase0",
              "project": "lovv",
              "schema": "domain-separated"
            },
            "tags_all": {
              "Name": "TourKoreaDomainData",
              "app": "data-pipeline",
              "env": "dev",
              "managed": "terraform",
              "phase": "phase0",
              "project": "lovv",
              "schema": "domain-separated"
            },
            "timeouts": null,
            "ttl": [
              {
                "attribute_name": "",
                "enabled": false
              }
            ],
            "write_capacity": 0
          },
          "sensitive_attributes": [],
          "identity_schema_version": 0,
          "private": "eyJlMmJmYjczMC1lY2FhLTExZTYtOGY4OC0zNDM2M2JjN2M0YzAiOnsiY3JlYXRlIjoxODAwMDAwMDAwMDAwLCJkZWxldGUiOjYwMDAwMDAwMDAwMCwidXBkYXRlIjozNjAwMDAwMDAwMDAwfSwic2NoZW1hX3ZlcnNpb24iOiIxIn0="
        }
      ]
    },
    {
      "mode": "managed",
      "type": "aws_dynamodb_table",
      "name": "tourkorea_domain_data_v2",
      "provider": "provider[\"registry.terraform.io/hashicorp/aws\"]",
      "instances": [
        {
          "schema_version": 1,
          "attributes": {
            "arn": "arn:aws:dynamodb:us-east-1:925273580929:table/TourKoreaDomainDataV2",
            "attribute": [
              {
                "name": "PK",
                "type": "S"
              },
              {
                "name": "SK",
                "type": "S"
              },
              {
                "name": "city_key",
                "type": "S"
              },
              {
                "name": "domain_sort_key",
                "type": "S"
              },
              {
                "name": "entity_type",
                "type": "S"
              },
              {
                "name": "gsi_sk",
                "type": "S"
              },
              {
                "name": "province_key",
                "type": "S"
              }
            ],
            "billing_mode": "PAY_PER_REQUEST",
            "deletion_protection_enabled": false,
            "global_secondary_index": [
              {
                "hash_key": "city_key",
                "name": "CityDomainIndex",
                "non_key_attributes": [],
                "on_demand_throughput": [],
                "projection_type": "ALL",
                "range_key": "domain_sort_key",
                "read_capacity": 0,
                "write_capacity": 0
              },
              {
                "hash_key": "entity_type",
                "name": "EntityTypeDomainIndex",
                "non_key_attributes": [],
                "on_demand_throughput": [],
                "projection_type": "ALL",
                "range_key": "domain_sort_key",
                "read_capacity": 0,
                "write_capacity": 0
              },
              {
                "hash_key": "entity_type",
                "name": "FestivalMonthIndex",
                "non_key_attributes": [],
                "on_demand_throughput": [],
                "projection_type": "ALL",
                "range_key": "gsi_sk",
                "read_capacity": 0,
                "write_capacity": 0
              },
              {
                "hash_key": "province_key",
                "name": "ProvinceDomainIndex",
                "non_key_attributes": [],
                "on_demand_throughput": [],
                "projection_type": "ALL",
                "range_key": "domain_sort_key",
                "read_capacity": 0,
                "write_capacity": 0
              }
            ],
            "hash_key": "PK",
            "id": "TourKoreaDomainDataV2",
            "import_table": [],
            "local_secondary_index": [],
            "name": "TourKoreaDomainDataV2",
            "on_demand_throughput": [],
            "point_in_time_recovery": [
              {
                "enabled": true,
                "recovery_period_in_days": 35
              }
            ],
            "range_key": "SK",
            "read_capacity": 0,
            "replica": [],
            "restore_date_time": null,
            "restore_source_name": null,
            "restore_source_table_arn": null,
            "restore_to_latest_time": null,
            "server_side_encryption": [],
            "stream_arn": "",
            "stream_enabled": false,
            "stream_label": "",
            "stream_view_type": "",
            "table_class": "STANDARD",
            "tags": {
              "Name": "TourKoreaDomainDataV2",
              "app": "data-pipeline",
              "env": "dev",
              "managed": "terraform",
              "phase": "phase0",
              "project": "lovv",
              "schema": "domain-separated-v2"
            },
            "tags_all": {
              "Name": "TourKoreaDomainDataV2",
              "app": "data-pipeline",
              "env": "dev",
              "managed": "terraform",
              "phase": "phase0",
              "project": "lovv",
              "schema": "domain-separated-v2"
            },
            "timeouts": null,
            "ttl": [
              {
                "attribute_name": "",
                "enabled": false
              }
            ],
            "write_capacity": 0
          },
          "sensitive_attributes": [],
          "identity_schema_version": 0,
          "private": "eyJlMmJmYjczMC1lY2FhLTExZTYtOGY4OC0zNDM2M2JjN2M0YzAiOnsiY3JlYXRlIjoxODAwMDAwMDAwMDAwLCJkZWxldGUiOjYwMDAwMDAwMDAwMCwidXBkYXRlIjozNjAwMDAwMDAwMDAwfSwic2NoZW1hX3ZlcnNpb24iOiIxIn0="
        }
      ]
    },
    {
      "mode": "managed",
      "type": "aws_iam_role",
      "name": "pipeline_lambda_role",
      "provider": "provider[\"registry.terraform.io/hashicorp/aws\"]",
      "instances": [
        {
          "schema_version": 0,
          "attributes": {
            "arn": "arn:aws:iam::925273580929:role/lovv-data-pipeline-lambda-dev",
            "assume_role_policy": "{\"Statement\":[{\"Action\":\"sts:AssumeRole\",\"Effect\":\"Allow\",\"Principal\":{\"Service\":\"lambda.amazonaws.com\"}}],\"Version\":\"2012-10-17\"}",
            "create_date": "2026-06-09T06:50:26Z",
            "description": "",
            "force_detach_policies": false,
            "id": "lovv-data-pipeline-lambda-dev",
            "inline_policy": [
              {
                "name": "lovv-data-pipeline-lambda-policy-dev",
                "policy": "{\"Version\":\"2012-10-17\",\"Statement\":[{\"Action\":[\"dynamodb:PutItem\",\"dynamodb:UpdateItem\",\"dynamodb:GetItem\",\"dynamodb:DeleteItem\",\"dynamodb:Query\"],\"Effect\":\"Allow\",\"Resource\":\"arn:aws:dynamodb:us-east-1:925273580929:table/TourKoreaDomainData\"},{\"Action\":[\"dynamodb:PutItem\",\"dynamodb:UpdateItem\",\"dynamodb:GetItem\",\"dynamodb:DeleteItem\",\"dynamodb:Query\"],\"Effect\":\"Allow\",\"Resource\":\"arn:aws:dynamodb:us-east-1:925273580929:table/TourKoreaDomainDataV2\"},{\"Action\":[\"dynamodb:Query\"],\"Effect\":\"Allow\",\"Resource\":\"arn:aws:dynamodb:us-east-1:925273580929:table/TourKoreaDomainDataV2/index/*\"},{\"Action\":[\"dynamodb:DescribeTable\"],\"Effect\":\"Allow\",\"Resource\":\"arn:aws:dynamodb:us-east-1:925273580929:table/TourKoreaDomainDataV2\"},{\"Action\":[\"dynamodb:Query\"],\"Effect\":\"Allow\",\"Resource\":\"arn:aws:dynamodb:us-east-1:925273580929:table/TourKoreaDomainData/index/*\"},{\"Action\":[\"dynamodb:DescribeTable\"],\"Effect\":\"Allow\",\"Resource\":\"arn:aws:dynamodb:us-east-1:925273580929:table/TourKoreaDomainData\"},{\"Action\":[\"s3:ListBucket\",\"s3:GetObject\",\"s3:PutObject\",\"s3:DeleteObject\"],\"Effect\":\"Allow\",\"Resource\":[\"arn:aws:s3:::lovv-data-pipeline-dev-925273580929\",\"arn:aws:s3:::lovv-data-pipeline-dev-925273580929/*\"]},{\"Action\":[\"logs:CreateLogGroup\",\"logs:CreateLogStream\",\"logs:PutLogEvents\"],\"Effect\":\"Allow\",\"Resource\":\"arn:aws:logs:us-east-1:925273580929:*\"},{\"Action\":[\"bedrock:InvokeModel\"],\"Effect\":\"Allow\",\"Resource\":\"arn:aws:bedrock:us-east-1::foundation-model/amazon.titan-embed-text-v2:0\"},{\"Action\":[\"bedrock:InvokeModel\",\"bedrock:InvokeModelWithResponseStream\"],\"Effect\":\"Allow\",\"Resource\":[\"arn:aws:bedrock:us-east-1::foundation-model/anthropic.claude-3-haiku-20240307-v1:0\",\"arn:aws:bedrock:us-east-1::foundation-model/anthropic.claude-3-5-sonnet-20241022-v2:0\"]},{\"Action\":[\"s3vectors:GetVectorBucket\",\"s3vectors:GetIndex\",\"s3vectors:ListVectors\",\"s3vectors:GetVectors\",\"s3vectors:QueryVectors\",\"s3vectors:PutVectors\"],\"Effect\":\"Allow\",\"Resource\":[\"arn:aws:s3vectors:us-east-1:925273580929:bucket/lovv-vector-dev\",\"arn:aws:s3vectors:us-east-1:925273580929:bucket/lovv-vector-dev/index/kr-tour-domain-v1\"]}]}"
              }
            ],
            "managed_policy_arns": [],
            "max_session_duration": 3600,
            "name": "lovv-data-pipeline-lambda-dev",
            "name_prefix": "",
            "path": "/",
            "permissions_boundary": "",
            "tags": {
              "Name": "lovv-data-pipeline-lambda-role-dev",
              "app": "data-pipeline",
              "env": "dev",
              "managed": "terraform",
              "phase": "phase0",
              "project": "lovv"
            },
            "tags_all": {
              "Name": "lovv-data-pipeline-lambda-role-dev",
              "app": "data-pipeline",
              "env": "dev",
              "managed": "terraform",
              "phase": "phase0",
              "project": "lovv"
            },
            "unique_id": "AROA5O3U2MWAYCNKD2KIV"
          },
          "sensitive_attributes": [],
          "identity_schema_version": 0,
          "private": "bnVsbA=="
        }
      ]
    },
    {
      "mode": "managed",
      "type": "aws_iam_role",
      "name": "s3_vector_index_reader_role",
      "provider": "provider[\"registry.terraform.io/hashicorp/aws\"]",
      "instances": [
        {
          "schema_version": 0,
          "attributes": {
            "arn": "arn:aws:iam::925273580929:role/lovv-vector-index-reader-dev",
            "assume_role_policy": "{\"Statement\":[{\"Action\":\"sts:AssumeRole\",\"Effect\":\"Allow\",\"Principal\":{\"AWS\":\"arn:aws:iam::925273580929:root\"}}],\"Version\":\"2012-10-17\"}",
            "create_date": "2026-06-11T06:07:21Z",
            "description": "",
            "force_detach_policies": false,
            "id": "lovv-vector-index-reader-dev",
            "inline_policy": [
              {
                "name": "lovv-vector-index-reader-policy-dev",
                "policy": "{\"Version\":\"2012-10-17\",\"Statement\":[{\"Action\":[\"s3vectors:GetVectorBucket\",\"s3vectors:GetIndex\",\"s3vectors:QueryVectors\"],\"Effect\":\"Allow\",\"Resource\":[\"arn:aws:s3vectors:us-east-1:925273580929:bucket/lovv-vector-dev\",\"arn:aws:s3vectors:us-east-1:925273580929:bucket/lovv-vector-dev/index/kr-tour-domain-v1\"]}]}"
              }
            ],
            "managed_policy_arns": [],
            "max_session_duration": 3600,
            "name": "lovv-vector-index-reader-dev",
            "name_prefix": "",
            "path": "/",
            "permissions_boundary": "",
            "tags": {
              "Name": "lovv-vector-index-reader-dev",
              "app": "data-pipeline",
              "env": "dev",
              "managed": "terraform",
              "phase": "phase0",
              "project": "lovv",
              "scope": "s3-vector-reader"
            },
            "tags_all": {
              "Name": "lovv-vector-index-reader-dev",
              "app": "data-pipeline",
              "env": "dev",
              "managed": "terraform",
              "phase": "phase0",
              "project": "lovv",
              "scope": "s3-vector-reader"
            },
            "unique_id": "AROA5O3U2MWAZL7AY6MRT"
          },
          "sensitive_attributes": [],
          "identity_schema_version": 0,
          "private": "bnVsbA==",
          "dependencies": [
            "data.aws_caller_identity.current"
          ]
        }
      ]
    },
    {
      "mode": "managed",
      "type": "aws_iam_role",
      "name": "s3_vector_index_writer_role",
      "provider": "provider[\"registry.terraform.io/hashicorp/aws\"]",
      "instances": [
        {
          "schema_version": 0,
          "attributes": {
            "arn": "arn:aws:iam::925273580929:role/lovv-vector-index-writer-dev",
            "assume_role_policy": "{\"Statement\":[{\"Action\":\"sts:AssumeRole\",\"Effect\":\"Allow\",\"Principal\":{\"AWS\":\"arn:aws:iam::925273580929:root\"}}],\"Version\":\"2012-10-17\"}",
            "create_date": "2026-06-11T06:07:21Z",
            "description": "",
            "force_detach_policies": false,
            "id": "lovv-vector-index-writer-dev",
            "inline_policy": [
              {
                "name": "lovv-vector-index-writer-policy-dev",
                "policy": "{\"Version\":\"2012-10-17\",\"Statement\":[{\"Action\":[\"s3vectors:GetVectorBucket\",\"s3vectors:GetIndex\",\"s3vectors:ListIndexes\",\"s3vectors:ListVectors\",\"s3vectors:GetVectors\",\"s3vectors:QueryVectors\",\"s3vectors:PutVectors\"],\"Effect\":\"Allow\",\"Resource\":[\"arn:aws:s3vectors:us-east-1:925273580929:bucket/lovv-vector-dev\",\"arn:aws:s3vectors:us-east-1:925273580929:bucket/lovv-vector-dev/index/kr-tour-domain-v1\"]}]}"
              }
            ],
            "managed_policy_arns": [],
            "max_session_duration": 3600,
            "name": "lovv-vector-index-writer-dev",
            "name_prefix": "",
            "path": "/",
            "permissions_boundary": "",
            "tags": {
              "Name": "lovv-vector-index-writer-dev",
              "app": "data-pipeline",
              "env": "dev",
              "managed": "terraform",
              "phase": "phase0",
              "project": "lovv",
              "scope": "s3-vector-writer"
            },
            "tags_all": {
              "Name": "lovv-vector-index-writer-dev",
              "app": "data-pipeline",
              "env": "dev",
              "managed": "terraform",
              "phase": "phase0",
              "project": "lovv",
              "scope": "s3-vector-writer"
            },
            "unique_id": "AROA5O3U2MWATBW4CYFBA"
          },
          "sensitive_attributes": [],
          "identity_schema_version": 0,
          "private": "bnVsbA==",
          "dependencies": [
            "data.aws_caller_identity.current"
          ]
        }
      ]
    },
    {
      "mode": "managed",
      "type": "aws_iam_role",
      "name": "sfn_execution_role",
      "provider": "provider[\"registry.terraform.io/hashicorp/aws\"]",
      "instances": [
        {
          "schema_version": 0,
          "attributes": {
            "arn": "arn:aws:iam::925273580929:role/kr-data-pipeline-sfn-dev",
            "assume_role_policy": "{\"Statement\":[{\"Action\":\"sts:AssumeRole\",\"Effect\":\"Allow\",\"Principal\":{\"Service\":\"states.amazonaws.com\"}}],\"Version\":\"2012-10-17\"}",
            "create_date": "2026-06-27T02:44:28Z",
            "description": "",
            "force_detach_policies": false,
            "id": "kr-data-pipeline-sfn-dev",
            "inline_policy": [
              {
                "name": "kr-data-pipeline-sfn-policy-dev",
                "policy": "{\"Version\":\"2012-10-17\",\"Statement\":[{\"Action\":[\"lambda:InvokeFunction\"],\"Effect\":\"Allow\",\"Resource\":[\"arn:aws:lambda:us-east-1:925273580929:function:kr-pipeline-transform\",\"arn:aws:lambda:us-east-1:925273580929:function:kr-pipeline-image\",\"arn:aws:lambda:us-east-1:925273580929:function:kr-pipeline-loader\",\"arn:aws:lambda:us-east-1:925273580929:function:kr-pipeline-vector\"]},{\"Action\":[\"logs:CreateLogDelivery\",\"logs:GetLogDelivery\",\"logs:UpdateLogDelivery\",\"logs:DeleteLogDelivery\",\"logs:ListLogDeliveries\",\"logs:PutResourcePolicy\",\"logs:DescribeResourcePolicies\",\"logs:DescribeLogGroups\",\"logs:CreateLogStream\",\"logs:PutLogEvents\"],\"Effect\":\"Allow\",\"Resource\":\"*\"}]}"
              }
            ],
            "managed_policy_arns": [],
            "max_session_duration": 3600,
            "name": "kr-data-pipeline-sfn-dev",
            "name_prefix": "",
            "path": "/",
            "permissions_boundary": "",
            "tags": {
              "Name": "kr-data-pipeline-sfn-role-dev",
              "app": "data-pipeline",
              "env": "dev",
              "managed": "terraform",
              "phase": "phase0",
              "project": "lovv"
            },
            "tags_all": {
              "Name": "kr-data-pipeline-sfn-role-dev",
              "app": "data-pipeline",
              "env": "dev",
              "managed": "terraform",
              "phase": "phase0",
              "project": "lovv"
            },
            "unique_id": "AROA5O3U2MWA5E4HH3K3P"
          },
          "sensitive_attributes": [],
          "identity_schema_version": 0,
          "private": "bnVsbA=="
        }
      ]
    },
    {
      "mode": "managed",
      "type": "aws_iam_role_policy",
      "name": "pipeline_lambda_policy",
      "provider": "provider[\"registry.terraform.io/hashicorp/aws\"]",
      "instances": [
        {
          "schema_version": 0,
          "attributes": {
            "id": "lovv-data-pipeline-lambda-dev:lovv-data-pipeline-lambda-policy-dev",
            "name": "lovv-data-pipeline-lambda-policy-dev",
            "name_prefix": "",
            "policy": "{\"Version\":\"2012-10-17\",\"Statement\":[{\"Action\":[\"dynamodb:PutItem\",\"dynamodb:UpdateItem\",\"dynamodb:GetItem\",\"dynamodb:DeleteItem\",\"dynamodb:Query\"],\"Effect\":\"Allow\",\"Resource\":\"arn:aws:dynamodb:us-east-1:925273580929:table/TourKoreaDomainData\"},{\"Action\":[\"dynamodb:PutItem\",\"dynamodb:UpdateItem\",\"dynamodb:GetItem\",\"dynamodb:DeleteItem\",\"dynamodb:Query\"],\"Effect\":\"Allow\",\"Resource\":\"arn:aws:dynamodb:us-east-1:925273580929:table/TourKoreaDomainDataV2\"},{\"Action\":[\"dynamodb:Query\"],\"Effect\":\"Allow\",\"Resource\":\"arn:aws:dynamodb:us-east-1:925273580929:table/TourKoreaDomainDataV2/index/*\"},{\"Action\":[\"dynamodb:DescribeTable\"],\"Effect\":\"Allow\",\"Resource\":\"arn:aws:dynamodb:us-east-1:925273580929:table/TourKoreaDomainDataV2\"},{\"Action\":[\"dynamodb:Query\"],\"Effect\":\"Allow\",\"Resource\":\"arn:aws:dynamodb:us-east-1:925273580929:table/TourKoreaDomainData/index/*\"},{\"Action\":[\"dynamodb:DescribeTable\"],\"Effect\":\"Allow\",\"Resource\":\"arn:aws:dynamodb:us-east-1:925273580929:table/TourKoreaDomainData\"},{\"Action\":[\"s3:ListBucket\",\"s3:GetObject\",\"s3:PutObject\",\"s3:DeleteObject\"],\"Effect\":\"Allow\",\"Resource\":[\"arn:aws:s3:::lovv-data-pipeline-dev-925273580929\",\"arn:aws:s3:::lovv-data-pipeline-dev-925273580929/*\"]},{\"Action\":[\"logs:CreateLogGroup\",\"logs:CreateLogStream\",\"logs:PutLogEvents\"],\"Effect\":\"Allow\",\"Resource\":\"arn:aws:logs:us-east-1:925273580929:*\"},{\"Action\":[\"bedrock:InvokeModel\"],\"Effect\":\"Allow\",\"Resource\":\"arn:aws:bedrock:us-east-1::foundation-model/amazon.titan-embed-text-v2:0\"},{\"Action\":[\"bedrock:InvokeModel\",\"bedrock:InvokeModelWithResponseStream\"],\"Effect\":\"Allow\",\"Resource\":[\"arn:aws:bedrock:us-east-1::foundation-model/anthropic.claude-3-haiku-20240307-v1:0\",\"arn:aws:bedrock:us-east-1::foundation-model/anthropic.claude-3-5-sonnet-20241022-v2:0\"]},{\"Action\":[\"s3vectors:GetVectorBucket\",\"s3vectors:GetIndex\",\"s3vectors:ListVectors\",\"s3vectors:GetVectors\",\"s3vectors:QueryVectors\",\"s3vectors:PutVectors\"],\"Effect\":\"Allow\",\"Resource\":[\"arn:aws:s3vectors:us-east-1:925273580929:bucket/lovv-vector-dev\",\"arn:aws:s3vectors:us-east-1:925273580929:bucket/lovv-vector-dev/index/kr-tour-domain-v1\"]}]}",
            "role": "lovv-data-pipeline-lambda-dev"
          },
          "sensitive_attributes": [],
          "identity_schema_version": 0,
          "private": "bnVsbA==",
          "dependencies": [
            "aws_dynamodb_table.tourkorea_domain_data",
            "aws_dynamodb_table.tourkorea_domain_data_v2",
            "aws_iam_role.pipeline_lambda_role",
            "aws_s3_bucket.pipeline",
            "data.aws_caller_identity.current"
          ]
        }
      ]
    },
    {
      "mode": "managed",
      "type": "aws_iam_role_policy",
      "name": "s3_vector_index_reader_policy",
      "provider": "provider[\"registry.terraform.io/hashicorp/aws\"]",
      "instances": [
        {
          "schema_version": 0,
          "attributes": {
            "id": "lovv-vector-index-reader-dev:lovv-vector-index-reader-policy-dev",
            "name": "lovv-vector-index-reader-policy-dev",
            "name_prefix": "",
            "policy": "{\"Version\":\"2012-10-17\",\"Statement\":[{\"Action\":[\"s3vectors:GetVectorBucket\",\"s3vectors:GetIndex\",\"s3vectors:QueryVectors\"],\"Effect\":\"Allow\",\"Resource\":[\"arn:aws:s3vectors:us-east-1:925273580929:bucket/lovv-vector-dev\",\"arn:aws:s3vectors:us-east-1:925273580929:bucket/lovv-vector-dev/index/kr-tour-domain-v1\"]}]}",
            "role": "lovv-vector-index-reader-dev"
          },
          "sensitive_attributes": [],
          "identity_schema_version": 0,
          "private": "bnVsbA==",
          "dependencies": [
            "aws_iam_role.s3_vector_index_reader_role",
            "data.aws_caller_identity.current"
          ]
        }
      ]
    },
    {
      "mode": "managed",
      "type": "aws_iam_role_policy",
      "name": "s3_vector_index_writer_policy",
      "provider": "provider[\"registry.terraform.io/hashicorp/aws\"]",
      "instances": [
        {
          "schema_version": 0,
          "attributes": {
            "id": "lovv-vector-index-writer-dev:lovv-vector-index-writer-policy-dev",
            "name": "lovv-vector-index-writer-policy-dev",
            "name_prefix": "",
            "policy": "{\"Version\":\"2012-10-17\",\"Statement\":[{\"Action\":[\"s3vectors:GetVectorBucket\",\"s3vectors:GetIndex\",\"s3vectors:ListIndexes\",\"s3vectors:ListVectors\",\"s3vectors:GetVectors\",\"s3vectors:QueryVectors\",\"s3vectors:PutVectors\"],\"Effect\":\"Allow\",\"Resource\":[\"arn:aws:s3vectors:us-east-1:925273580929:bucket/lovv-vector-dev\",\"arn:aws:s3vectors:us-east-1:925273580929:bucket/lovv-vector-dev/index/kr-tour-domain-v1\"]}]}",
            "role": "lovv-vector-index-writer-dev"
          },
          "sensitive_attributes": [],
          "identity_schema_version": 0,
          "private": "bnVsbA==",
          "dependencies": [
            "aws_iam_role.s3_vector_index_writer_role",
            "data.aws_caller_identity.current"
          ]
        }
      ]
    },
    {
      "mode": "managed",
      "type": "aws_iam_role_policy",
      "name": "sfn_execution_policy",
      "provider": "provider[\"registry.terraform.io/hashicorp/aws\"]",
      "instances": [
        {
          "schema_version": 0,
          "attributes": {
            "id": "kr-data-pipeline-sfn-dev:kr-data-pipeline-sfn-policy-dev",
            "name": "kr-data-pipeline-sfn-policy-dev",
            "name_prefix": "",
            "policy": "{\"Version\":\"2012-10-17\",\"Statement\":[{\"Action\":[\"lambda:InvokeFunction\"],\"Effect\":\"Allow\",\"Resource\":[\"arn:aws:lambda:us-east-1:925273580929:function:kr-pipeline-transform\",\"arn:aws:lambda:us-east-1:925273580929:function:kr-pipeline-image\",\"arn:aws:lambda:us-east-1:925273580929:function:kr-pipeline-loader\",\"arn:aws:lambda:us-east-1:925273580929:function:kr-pipeline-vector\"]},{\"Action\":[\"logs:CreateLogDelivery\",\"logs:GetLogDelivery\",\"logs:UpdateLogDelivery\",\"logs:DeleteLogDelivery\",\"logs:ListLogDeliveries\",\"logs:PutResourcePolicy\",\"logs:DescribeResourcePolicies\",\"logs:DescribeLogGroups\",\"logs:CreateLogStream\",\"logs:PutLogEvents\"],\"Effect\":\"Allow\",\"Resource\":\"*\"}]}",
            "role": "kr-data-pipeline-sfn-dev"
          },
          "sensitive_attributes": [],
          "identity_schema_version": 0,
          "private": "bnVsbA==",
          "dependencies": [
            "aws_cloudwatch_log_group.lambda_image",
            "aws_cloudwatch_log_group.lambda_loader",
            "aws_cloudwatch_log_group.lambda_transform",
            "aws_cloudwatch_log_group.lambda_vector",
            "aws_dynamodb_table.tourkorea_domain_data",
            "aws_dynamodb_table.tourkorea_domain_data_v2",
            "aws_iam_role.pipeline_lambda_role",
            "aws_iam_role.sfn_execution_role",
            "aws_iam_role_policy.pipeline_lambda_policy",
            "aws_lambda_function.kr_pipeline_image",
            "aws_lambda_function.kr_pipeline_loader",
            "aws_lambda_function.kr_pipeline_transform",
            "aws_lambda_function.kr_pipeline_vector",
            "aws_lambda_layer_version.requests",
            "aws_s3_bucket.pipeline",
            "aws_s3_bucket.pipeline_images",
            "data.archive_file.kr_image_processor_lambda",
            "data.archive_file.kr_pipeline_lambda",
            "data.archive_file.kr_unified_pipeline_lambda",
            "data.archive_file.kr_vector_index_lambda",
            "data.aws_caller_identity.current"
          ]
        }
      ]
    },
    {
      "mode": "managed",
      "type": "aws_lambda_function",
      "name": "kr_pipeline_image",
      "provider": "provider[\"registry.terraform.io/hashicorp/aws\"]",
      "instances": [
        {
          "schema_version": 0,
          "attributes": {
            "architectures": [
              "x86_64"
            ],
            "arn": "arn:aws:lambda:us-east-1:925273580929:function:kr-pipeline-image",
            "code_sha256": "PXeykz42oqbjw8KNBnYzLKoO7z+SrctLlHZ8TXxI4HE=",
            "code_signing_config_arn": "",
            "dead_letter_config": [],
            "description": "KR pipeline image processor Lambda for city-level image download and S3 upload",
            "environment": [
              {
                "variables": {
                  "IMAGE_BUCKET": "lovv-pipeline-images-dev-925273580929",
                  "PIPELINE_BUCKET": "lovv-data-pipeline-dev-925273580929"
                }
              }
            ],
            "ephemeral_storage": [
              {
                "size": 512
              }
            ],
            "file_system_config": [],
            "filename": "./kr_image_processor_lambda.zip",
            "function_name": "kr-pipeline-image",
            "handler": "kr_image_processor.handlers.image_handler.handler",
            "id": "kr-pipeline-image",
            "image_config": [],
            "image_uri": "",
            "invoke_arn": "arn:aws:apigateway:us-east-1:lambda:path/2015-03-31/functions/arn:aws:lambda:us-east-1:925273580929:function:kr-pipeline-image/invocations",
            "kms_key_arn": "",
            "last_modified": "2026-06-27T02:44:51.555+0000",
            "layers": [
              "arn:aws:lambda:us-east-1:925273580929:layer:lovv-requests-layer-dev:1"
            ],
            "logging_config": [
              {
                "application_log_level": "",
                "log_format": "Text",
                "log_group": "/aws/lambda/kr-pipeline-image",
                "system_log_level": ""
              }
            ],
            "memory_size": 512,
            "package_type": "Zip",
            "publish": false,
            "qualified_arn": "arn:aws:lambda:us-east-1:925273580929:function:kr-pipeline-image:$LATEST",
            "qualified_invoke_arn": "arn:aws:apigateway:us-east-1:lambda:path/2015-03-31/functions/arn:aws:lambda:us-east-1:925273580929:function:kr-pipeline-image:$LATEST/invocations",
            "replace_security_groups_on_destroy": null,
            "replacement_security_group_ids": null,
            "reserved_concurrent_executions": -1,
            "role": "arn:aws:iam::925273580929:role/lovv-data-pipeline-lambda-dev",
            "runtime": "python3.12",
            "s3_bucket": null,
            "s3_key": null,
            "s3_object_version": null,
            "signing_job_arn": "",
            "signing_profile_version_arn": "",
            "skip_destroy": false,
            "snap_start": [],
            "source_code_hash": "PXeykz42oqbjw8KNBnYzLKoO7z+SrctLlHZ8TXxI4HE=",
            "source_code_size": 6855,
            "tags": {},
            "tags_all": {},
            "timeout": 900,
            "timeouts": null,
            "tracing_config": [
              {
                "mode": "PassThrough"
              }
            ],
            "version": "$LATEST",
            "vpc_config": []
          },
          "sensitive_attributes": [],
          "identity_schema_version": 0,
          "private": "eyJlMmJmYjczMC1lY2FhLTExZTYtOGY4OC0zNDM2M2JjN2M0YzAiOnsiY3JlYXRlIjo2MDAwMDAwMDAwMDAsImRlbGV0ZSI6NjAwMDAwMDAwMDAwLCJ1cGRhdGUiOjYwMDAwMDAwMDAwMH19",
          "dependencies": [
            "aws_cloudwatch_log_group.lambda_image",
            "aws_dynamodb_table.tourkorea_domain_data",
            "aws_dynamodb_table.tourkorea_domain_data_v2",
            "aws_iam_role.pipeline_lambda_role",
            "aws_iam_role_policy.pipeline_lambda_policy",
            "aws_lambda_layer_version.requests",
            "aws_s3_bucket.pipeline",
            "aws_s3_bucket.pipeline_images",
            "data.archive_file.kr_image_processor_lambda",
            "data.aws_caller_identity.current"
          ]
        }
      ]
    },
    {
      "mode": "managed",
      "type": "aws_lambda_function",
      "name": "kr_pipeline_loader",
      "provider": "provider[\"registry.terraform.io/hashicorp/aws\"]",
      "instances": [
        {
          "schema_version": 0,
          "attributes": {
            "architectures": [
              "x86_64"
            ],
            "arn": "arn:aws:lambda:us-east-1:925273580929:function:kr-pipeline-loader",
            "code_sha256": "bGtPaFara5g8zOE+uiTPT/VU5P1tSvPSsXu6RdYblKw=",
            "code_signing_config_arn": "",
            "dead_letter_config": [],
            "description": "KR pipeline loader Lambda for S3-to-DynamoDB load and vector index rebuild",
            "environment": [
              {
                "variables": {
                  "DYNAMODB_TABLE": "TourKoreaDomainData",
                  "PIPELINE_BUCKET": "lovv-data-pipeline-dev-925273580929",
                  "PROCESSED_PREFIX": "processed/KR",
                  "VECTOR_BUCKET": "lovv-vector-dev",
                  "VECTOR_INDEX": "kr-tour-domain-v1"
                }
              }
            ],
            "ephemeral_storage": [
              {
                "size": 512
              }
            ],
            "file_system_config": [],
            "filename": "./kr_unified_pipeline_lambda.zip",
            "function_name": "kr-pipeline-loader",
            "handler": "kr_unified_pipeline.handlers.pipeline_handler.handler",
            "id": "kr-pipeline-loader",
            "image_config": [],
            "image_uri": "",
            "invoke_arn": "arn:aws:apigateway:us-east-1:lambda:path/2015-03-31/functions/arn:aws:lambda:us-east-1:925273580929:function:kr-pipeline-loader/invocations",
            "kms_key_arn": "",
            "last_modified": "2026-06-27T03:23:54.000+0000",
            "layers": [],
            "logging_config": [
              {
                "application_log_level": "",
                "log_format": "Text",
                "log_group": "/aws/lambda/kr-pipeline-loader",
                "system_log_level": ""
              }
            ],
            "memory_size": 512,
            "package_type": "Zip",
            "publish": false,
            "qualified_arn": "arn:aws:lambda:us-east-1:925273580929:function:kr-pipeline-loader:$LATEST",
            "qualified_invoke_arn": "arn:aws:apigateway:us-east-1:lambda:path/2015-03-31/functions/arn:aws:lambda:us-east-1:925273580929:function:kr-pipeline-loader:$LATEST/invocations",
            "replace_security_groups_on_destroy": null,
            "replacement_security_group_ids": null,
            "reserved_concurrent_executions": -1,
            "role": "arn:aws:iam::925273580929:role/lovv-data-pipeline-lambda-dev",
            "runtime": "python3.12",
            "s3_bucket": null,
            "s3_key": null,
            "s3_object_version": null,
            "signing_job_arn": "",
            "signing_profile_version_arn": "",
            "skip_destroy": false,
            "snap_start": [],
            "source_code_hash": "bGtPaFara5g8zOE+uiTPT/VU5P1tSvPSsXu6RdYblKw=",
            "source_code_size": 91370,
            "tags": {},
            "tags_all": {},
            "timeout": 900,
            "timeouts": null,
            "tracing_config": [
              {
                "mode": "PassThrough"
              }
            ],
            "version": "$LATEST",
            "vpc_config": []
          },
          "sensitive_attributes": [],
          "identity_schema_version": 0,
          "private": "eyJlMmJmYjczMC1lY2FhLTExZTYtOGY4OC0zNDM2M2JjN2M0YzAiOnsiY3JlYXRlIjo2MDAwMDAwMDAwMDAsImRlbGV0ZSI6NjAwMDAwMDAwMDAwLCJ1cGRhdGUiOjYwMDAwMDAwMDAwMH19",
          "dependencies": [
            "aws_cloudwatch_log_group.lambda_loader",
            "aws_dynamodb_table.tourkorea_domain_data",
            "aws_dynamodb_table.tourkorea_domain_data_v2",
            "aws_iam_role.pipeline_lambda_role",
            "aws_iam_role_policy.pipeline_lambda_policy",
            "aws_s3_bucket.pipeline",
            "data.archive_file.kr_unified_pipeline_lambda",
            "data.aws_caller_identity.current"
          ]
        }
      ]
    },
    {
      "mode": "managed",
      "type": "aws_lambda_function",
      "name": "kr_pipeline_transform",
      "provider": "provider[\"registry.terraform.io/hashicorp/aws\"]",
      "instances": [
        {
          "schema_version": 0,
          "attributes": {
            "architectures": [
              "x86_64"
            ],
            "arn": "arn:aws:lambda:us-east-1:925273580929:function:kr-pipeline-transform",
            "code_sha256": "xttV60kUqvM7xjSeMTBVsH0+h/al9i9QhOFykdv8vI4=",
            "code_signing_config_arn": "",
            "dead_letter_config": [],
            "description": "KR pipeline transform Lambda for manual raw JSON preprocessing and DynamoDB load",
            "environment": [
              {
                "variables": {
                  "DYNAMODB_TABLE": "TourKoreaDomainData",
                  "PROCESSED_PREFIX": "processed/KR/domain"
                }
              }
            ],
            "ephemeral_storage": [
              {
                "size": 512
              }
            ],
            "file_system_config": [],
            "filename": "./kr_pipeline_lambda.zip",
            "function_name": "kr-pipeline-transform",
            "handler": "kr_details_pipeline.handlers.domain_loader_handler.handler",
            "id": "kr-pipeline-transform",
            "image_config": [],
            "image_uri": "",
            "invoke_arn": "arn:aws:apigateway:us-east-1:lambda:path/2015-03-31/functions/arn:aws:lambda:us-east-1:925273580929:function:kr-pipeline-transform/invocations",
            "kms_key_arn": "",
            "last_modified": "2026-06-27T03:23:47.000+0000",
            "layers": [],
            "logging_config": [
              {
                "application_log_level": "",
                "log_format": "Text",
                "log_group": "/aws/lambda/kr-pipeline-transform",
                "system_log_level": ""
              }
            ],
            "memory_size": 512,
            "package_type": "Zip",
            "publish": false,
            "qualified_arn": "arn:aws:lambda:us-east-1:925273580929:function:kr-pipeline-transform:$LATEST",
            "qualified_invoke_arn": "arn:aws:apigateway:us-east-1:lambda:path/2015-03-31/functions/arn:aws:lambda:us-east-1:925273580929:function:kr-pipeline-transform:$LATEST/invocations",
            "replace_security_groups_on_destroy": null,
            "replacement_security_group_ids": null,
            "reserved_concurrent_executions": -1,
            "role": "arn:aws:iam::925273580929:role/lovv-data-pipeline-lambda-dev",
            "runtime": "python3.12",
            "s3_bucket": null,
            "s3_key": null,
            "s3_object_version": null,
            "signing_job_arn": "",
            "signing_profile_version_arn": "",
            "skip_destroy": false,
            "snap_start": [],
            "source_code_hash": "xttV60kUqvM7xjSeMTBVsH0+h/al9i9QhOFykdv8vI4=",
            "source_code_size": 98431,
            "tags": {},
            "tags_all": {},
            "timeout": 300,
            "timeouts": null,
            "tracing_config": [
              {
                "mode": "PassThrough"
              }
            ],
            "version": "$LATEST",
            "vpc_config": []
          },
          "sensitive_attributes": [],
          "identity_schema_version": 0,
          "private": "eyJlMmJmYjczMC1lY2FhLTExZTYtOGY4OC0zNDM2M2JjN2M0YzAiOnsiY3JlYXRlIjo2MDAwMDAwMDAwMDAsImRlbGV0ZSI6NjAwMDAwMDAwMDAwLCJ1cGRhdGUiOjYwMDAwMDAwMDAwMH19",
          "dependencies": [
            "aws_cloudwatch_log_group.lambda_transform",
            "aws_dynamodb_table.tourkorea_domain_data",
            "aws_dynamodb_table.tourkorea_domain_data_v2",
            "aws_iam_role.pipeline_lambda_role",
            "aws_iam_role_policy.pipeline_lambda_policy",
            "aws_s3_bucket.pipeline",
            "data.archive_file.kr_pipeline_lambda",
            "data.aws_caller_identity.current"
          ]
        }
      ]
    },
    {
      "mode": "managed",
      "type": "aws_lambda_function",
      "name": "kr_pipeline_vector",
      "provider": "provider[\"registry.terraform.io/hashicorp/aws\"]",
      "instances": [
        {
          "schema_version": 0,
          "attributes": {
            "architectures": [
              "x86_64"
            ],
            "arn": "arn:aws:lambda:us-east-1:925273580929:function:kr-pipeline-vector",
            "code_sha256": "qxLwSsz2PBInchsx2ga/8ONQ3KboIwdjeqmZavr4BQo=",
            "code_signing_config_arn": "",
            "dead_letter_config": [],
            "description": "KR S3 Vector index build Lambda handler",
            "environment": [
              {
                "variables": {
                  "DYNAMODB_TABLE": "TourKoreaDomainData",
                  "MANIFEST_BUCKET": "lovv-data-pipeline-dev-925273580929",
                  "MANIFEST_PREFIX": "processed/KR/vector/manifests",
                  "VECTOR_BUCKET": "lovv-vector-dev",
                  "VECTOR_INDEX": "kr-tour-domain-v1"
                }
              }
            ],
            "ephemeral_storage": [
              {
                "size": 512
              }
            ],
            "file_system_config": [],
            "filename": "./kr_vector_index_lambda.zip",
            "function_name": "kr-pipeline-vector",
            "handler": "kr_vector_index.handlers.vector_index_handler.handler",
            "id": "kr-pipeline-vector",
            "image_config": [],
            "image_uri": "",
            "invoke_arn": "arn:aws:apigateway:us-east-1:lambda:path/2015-03-31/functions/arn:aws:lambda:us-east-1:925273580929:function:kr-pipeline-vector/invocations",
            "kms_key_arn": "",
            "last_modified": "2026-06-27T03:03:20.000+0000",
            "layers": [],
            "logging_config": [
              {
                "application_log_level": "",
                "log_format": "Text",
                "log_group": "/aws/lambda/kr-pipeline-vector",
                "system_log_level": ""
              }
            ],
            "memory_size": 1024,
            "package_type": "Zip",
            "publish": false,
            "qualified_arn": "arn:aws:lambda:us-east-1:925273580929:function:kr-pipeline-vector:$LATEST",
            "qualified_invoke_arn": "arn:aws:apigateway:us-east-1:lambda:path/2015-03-31/functions/arn:aws:lambda:us-east-1:925273580929:function:kr-pipeline-vector:$LATEST/invocations",
            "replace_security_groups_on_destroy": null,
            "replacement_security_group_ids": null,
            "reserved_concurrent_executions": -1,
            "role": "arn:aws:iam::925273580929:role/lovv-data-pipeline-lambda-dev",
            "runtime": "python3.12",
            "s3_bucket": null,
            "s3_key": null,
            "s3_object_version": null,
            "signing_job_arn": "",
            "signing_profile_version_arn": "",
            "skip_destroy": false,
            "snap_start": [],
            "source_code_hash": "qxLwSsz2PBInchsx2ga/8ONQ3KboIwdjeqmZavr4BQo=",
            "source_code_size": 72498,
            "tags": {},
            "tags_all": {},
            "timeout": 900,
            "timeouts": null,
            "tracing_config": [
              {
                "mode": "PassThrough"
              }
            ],
            "version": "$LATEST",
            "vpc_config": []
          },
          "sensitive_attributes": [],
          "identity_schema_version": 0,
          "private": "eyJlMmJmYjczMC1lY2FhLTExZTYtOGY4OC0zNDM2M2JjN2M0YzAiOnsiY3JlYXRlIjo2MDAwMDAwMDAwMDAsImRlbGV0ZSI6NjAwMDAwMDAwMDAwLCJ1cGRhdGUiOjYwMDAwMDAwMDAwMH19",
          "dependencies": [
            "aws_cloudwatch_log_group.lambda_vector",
            "aws_dynamodb_table.tourkorea_domain_data",
            "aws_dynamodb_table.tourkorea_domain_data_v2",
            "aws_iam_role.pipeline_lambda_role",
            "aws_iam_role_policy.pipeline_lambda_policy",
            "aws_s3_bucket.pipeline",
            "data.archive_file.kr_vector_index_lambda",
            "data.aws_caller_identity.current"
          ]
        }
      ]
    },
    {
      "mode": "managed",
      "type": "aws_lambda_layer_version",
      "name": "requests",
      "provider": "provider[\"registry.terraform.io/hashicorp/aws\"]",
      "instances": [
        {
          "schema_version": 0,
          "attributes": {
            "arn": "arn:aws:lambda:us-east-1:925273580929:layer:lovv-requests-layer-dev:1",
            "code_sha256": "dQF8b0PMN9i9iSgvCmex0KkMQgy6vFZa5Dk6Xj7wYpc=",
            "compatible_architectures": [
              "x86_64"
            ],
            "compatible_runtimes": [
              "python3.12"
            ],
            "created_date": "2026-06-27T02:44:33.849+0000",
            "description": "requests library and dependencies for Python 3.12 (urllib3, certifi, charset-normalizer, idna)",
            "filename": "./../../layers/requests/layer.zip",
            "id": "arn:aws:lambda:us-east-1:925273580929:layer:lovv-requests-layer-dev:1",
            "layer_arn": "arn:aws:lambda:us-east-1:925273580929:layer:lovv-requests-layer-dev",
            "layer_name": "lovv-requests-layer-dev",
            "license_info": "",
            "s3_bucket": null,
            "s3_key": null,
            "s3_object_version": null,
            "signing_job_arn": "",
            "signing_profile_version_arn": "",
            "skip_destroy": false,
            "source_code_hash": "dQF8b0PMN9i9iSgvCmex0KkMQgy6vFZa5Dk6Xj7wYpc=",
            "source_code_size": 1238371,
            "version": "1"
          },
          "sensitive_attributes": [],
          "identity_schema_version": 0,
          "private": "bnVsbA=="
        }
      ]
    },
    {
      "mode": "managed",
      "type": "aws_s3_bucket",
      "name": "pipeline",
      "provider": "provider[\"registry.terraform.io/hashicorp/aws\"]",
      "instances": [
        {
          "schema_version": 0,
          "attributes": {
            "acceleration_status": "",
            "acl": null,
            "arn": "arn:aws:s3:::lovv-data-pipeline-dev-925273580929",
            "bucket": "lovv-data-pipeline-dev-925273580929",
            "bucket_domain_name": "lovv-data-pipeline-dev-925273580929.s3.amazonaws.com",
            "bucket_prefix": "",
            "bucket_regional_domain_name": "lovv-data-pipeline-dev-925273580929.s3.us-east-1.amazonaws.com",
            "cors_rule": [],
            "force_destroy": false,
            "grant": [
              {
                "id": "343b141073d72804c33fad07c23c48542e8e3d4ea96a277d525a564e92e11e19",
                "permissions": [
                  "FULL_CONTROL"
                ],
                "type": "CanonicalUser",
                "uri": ""
              }
            ],
            "hosted_zone_id": "Z3AQBSTGFYJSTF",
            "id": "lovv-data-pipeline-dev-925273580929",
            "lifecycle_rule": [
              {
                "abort_incomplete_multipart_upload_days": 0,
                "enabled": true,
                "expiration": [],
                "id": "raw-cold-storage",
                "noncurrent_version_expiration": [],
                "noncurrent_version_transition": [],
                "prefix": "raw/KR/",
                "tags": {},
                "transition": [
                  {
                    "date": "",
                    "days": 30,
                    "storage_class": "STANDARD_IA"
                  },
                  {
                    "date": "",
                    "days": 60,
                    "storage_class": "GLACIER"
                  }
                ]
              }
            ],
            "logging": [],
            "object_lock_configuration": [],
            "object_lock_enabled": false,
            "policy": "",
            "region": "us-east-1",
            "replication_configuration": [],
            "request_payer": "BucketOwner",
            "server_side_encryption_configuration": [
              {
                "rule": [
                  {
                    "apply_server_side_encryption_by_default": [
                      {
                        "kms_master_key_id": "",
                        "sse_algorithm": "AES256"
                      }
                    ],
                    "bucket_key_enabled": false
                  }
                ]
              }
            ],
            "tags": {
              "Name": "lovv-data-pipeline-dev-925273580929",
              "app": "data-pipeline",
              "env": "dev",
              "managed": "terraform",
              "phase": "phase0",
              "project": "lovv"
            },
            "tags_all": {
              "Name": "lovv-data-pipeline-dev-925273580929",
              "app": "data-pipeline",
              "env": "dev",
              "managed": "terraform",
              "phase": "phase0",
              "project": "lovv"
            },
            "timeouts": null,
            "versioning": [
              {
                "enabled": true,
                "mfa_delete": false
              }
            ],
            "website": [],
            "website_domain": null,
            "website_endpoint": null
          },
          "sensitive_attributes": [],
          "identity_schema_version": 0,
          "private": "eyJlMmJmYjczMC1lY2FhLTExZTYtOGY4OC0zNDM2M2JjN2M0YzAiOnsiY3JlYXRlIjoxMjAwMDAwMDAwMDAwLCJkZWxldGUiOjM2MDAwMDAwMDAwMDAsInJlYWQiOjEyMDAwMDAwMDAwMDAsInVwZGF0ZSI6MTIwMDAwMDAwMDAwMH19",
          "dependencies": [
            "data.aws_caller_identity.current"
          ]
        }
      ]
    },
    {
      "mode": "managed",
      "type": "aws_s3_bucket",
      "name": "pipeline_images",
      "provider": "provider[\"registry.terraform.io/hashicorp/aws\"]",
      "instances": [
        {
          "schema_version": 0,
          "attributes": {
            "acceleration_status": "",
            "acl": null,
            "arn": "arn:aws:s3:::lovv-pipeline-images-dev-925273580929",
            "bucket": "lovv-pipeline-images-dev-925273580929",
            "bucket_domain_name": "lovv-pipeline-images-dev-925273580929.s3.amazonaws.com",
            "bucket_prefix": "",
            "bucket_regional_domain_name": "lovv-pipeline-images-dev-925273580929.s3.us-east-1.amazonaws.com",
            "cors_rule": [],
            "force_destroy": false,
            "grant": [
              {
                "id": "343b141073d72804c33fad07c23c48542e8e3d4ea96a277d525a564e92e11e19",
                "permissions": [
                  "FULL_CONTROL"
                ],
                "type": "CanonicalUser",
                "uri": ""
              }
            ],
            "hosted_zone_id": "Z3AQBSTGFYJSTF",
            "id": "lovv-pipeline-images-dev-925273580929",
            "lifecycle_rule": [],
            "logging": [],
            "object_lock_configuration": [],
            "object_lock_enabled": false,
            "policy": "",
            "region": "us-east-1",
            "replication_configuration": [],
            "request_payer": "BucketOwner",
            "server_side_encryption_configuration": [
              {
                "rule": [
                  {
                    "apply_server_side_encryption_by_default": [
                      {
                        "kms_master_key_id": "",
                        "sse_algorithm": "AES256"
                      }
                    ],
                    "bucket_key_enabled": false
                  }
                ]
              }
            ],
            "tags": {
              "Name": "lovv-pipeline-images-dev-925273580929",
              "app": "data-pipeline",
              "env": "dev",
              "managed": "terraform",
              "phase": "phase0",
              "project": "lovv"
            },
            "tags_all": {
              "Name": "lovv-pipeline-images-dev-925273580929",
              "app": "data-pipeline",
              "env": "dev",
              "managed": "terraform",
              "phase": "phase0",
              "project": "lovv"
            },
            "timeouts": null,
            "versioning": [
              {
                "enabled": false,
                "mfa_delete": false
              }
            ],
            "website": [],
            "website_domain": null,
            "website_endpoint": null
          },
          "sensitive_attributes": [],
          "identity_schema_version": 0,
          "private": "eyJlMmJmYjczMC1lY2FhLTExZTYtOGY4OC0zNDM2M2JjN2M0YzAiOnsiY3JlYXRlIjoxMjAwMDAwMDAwMDAwLCJkZWxldGUiOjM2MDAwMDAwMDAwMDAsInJlYWQiOjEyMDAwMDAwMDAwMDAsInVwZGF0ZSI6MTIwMDAwMDAwMDAwMH19",
          "dependencies": [
            "data.aws_caller_identity.current"
          ]
        }
      ]
    },
    {
      "mode": "managed",
      "type": "aws_s3_bucket_lifecycle_configuration",
      "name": "pipeline",
      "provider": "provider[\"registry.terraform.io/hashicorp/aws\"]",
      "instances": [
        {
          "schema_version": 1,
          "attributes": {
            "bucket": "lovv-data-pipeline-dev-925273580929",
            "expected_bucket_owner": "",
            "id": "lovv-data-pipeline-dev-925273580929",
            "rule": [
              {
                "abort_incomplete_multipart_upload": [],
                "expiration": [],
                "filter": [
                  {
                    "and": [],
                    "object_size_greater_than": null,
                    "object_size_less_than": null,
                    "prefix": "raw/KR/",
                    "tag": []
                  }
                ],
                "id": "raw-cold-storage",
                "noncurrent_version_expiration": [],
                "noncurrent_version_transition": [],
                "prefix": "",
                "status": "Enabled",
                "transition": [
                  {
                    "date": null,
                    "days": 30,
                    "storage_class": "STANDARD_IA"
                  },
                  {
                    "date": null,
                    "days": 60,
                    "storage_class": "GLACIER"
                  }
                ]
              }
            ],
            "timeouts": null,
            "transition_default_minimum_object_size": "all_storage_classes_128K"
          },
          "sensitive_attributes": [],
          "identity_schema_version": 0,
          "dependencies": [
            "aws_s3_bucket.pipeline",
            "data.aws_caller_identity.current"
          ]
        }
      ]
    },
    {
      "mode": "managed",
      "type": "aws_s3_bucket_public_access_block",
      "name": "pipeline",
      "provider": "provider[\"registry.terraform.io/hashicorp/aws\"]",
      "instances": [
        {
          "schema_version": 0,
          "attributes": {
            "block_public_acls": true,
            "block_public_policy": true,
            "bucket": "lovv-data-pipeline-dev-925273580929",
            "id": "lovv-data-pipeline-dev-925273580929",
            "ignore_public_acls": true,
            "restrict_public_buckets": true
          },
          "sensitive_attributes": [],
          "identity_schema_version": 0,
          "private": "bnVsbA==",
          "dependencies": [
            "aws_s3_bucket.pipeline",
            "data.aws_caller_identity.current"
          ]
        }
      ]
    },
    {
      "mode": "managed",
      "type": "aws_s3_bucket_public_access_block",
      "name": "pipeline_images",
      "provider": "provider[\"registry.terraform.io/hashicorp/aws\"]",
      "instances": [
        {
          "schema_version": 0,
          "attributes": {
            "block_public_acls": true,
            "block_public_policy": true,
            "bucket": "lovv-pipeline-images-dev-925273580929",
            "id": "lovv-pipeline-images-dev-925273580929",
            "ignore_public_acls": true,
            "restrict_public_buckets": true
          },
          "sensitive_attributes": [],
          "identity_schema_version": 0,
          "private": "bnVsbA==",
          "dependencies": [
            "aws_s3_bucket.pipeline_images",
            "data.aws_caller_identity.current"
          ]
        }
      ]
    },
    {
      "mode": "managed",
      "type": "aws_s3_bucket_server_side_encryption_configuration",
      "name": "pipeline",
      "provider": "provider[\"registry.terraform.io/hashicorp/aws\"]",
      "instances": [
        {
          "schema_version": 0,
          "attributes": {
            "bucket": "lovv-data-pipeline-dev-925273580929",
            "expected_bucket_owner": "",
            "id": "lovv-data-pipeline-dev-925273580929",
            "rule": [
              {
                "apply_server_side_encryption_by_default": [
                  {
                    "kms_master_key_id": "",
                    "sse_algorithm": "AES256"
                  }
                ],
                "bucket_key_enabled": false
              }
            ]
          },
          "sensitive_attributes": [],
          "identity_schema_version": 0,
          "private": "bnVsbA==",
          "dependencies": [
            "aws_s3_bucket.pipeline",
            "data.aws_caller_identity.current"
          ]
        }
      ]
    },
    {
      "mode": "managed",
      "type": "aws_s3_bucket_server_side_encryption_configuration",
      "name": "pipeline_images",
      "provider": "provider[\"registry.terraform.io/hashicorp/aws\"]",
      "instances": [
        {
          "schema_version": 0,
          "attributes": {
            "bucket": "lovv-pipeline-images-dev-925273580929",
            "expected_bucket_owner": "",
            "id": "lovv-pipeline-images-dev-925273580929",
            "rule": [
              {
                "apply_server_side_encryption_by_default": [
                  {
                    "kms_master_key_id": "",
                    "sse_algorithm": "AES256"
                  }
                ],
                "bucket_key_enabled": false
              }
            ]
          },
          "sensitive_attributes": [],
          "identity_schema_version": 0,
          "private": "bnVsbA==",
          "dependencies": [
            "aws_s3_bucket.pipeline_images",
            "data.aws_caller_identity.current"
          ]
        }
      ]
    },
    {
      "mode": "managed",
      "type": "aws_s3_bucket_versioning",
      "name": "pipeline",
      "provider": "provider[\"registry.terraform.io/hashicorp/aws\"]",
      "instances": [
        {
          "schema_version": 0,
          "attributes": {
            "bucket": "lovv-data-pipeline-dev-925273580929",
            "expected_bucket_owner": "",
            "id": "lovv-data-pipeline-dev-925273580929",
            "mfa": null,
            "versioning_configuration": [
              {
                "mfa_delete": "",
                "status": "Enabled"
              }
            ]
          },
          "sensitive_attributes": [],
          "identity_schema_version": 0,
          "private": "bnVsbA==",
          "dependencies": [
            "aws_s3_bucket.pipeline",
            "data.aws_caller_identity.current"
          ]
        }
      ]
    },
    {
      "mode": "managed",
      "type": "aws_sfn_state_machine",
      "name": "kr_data_pipeline",
      "provider": "provider[\"registry.terraform.io/hashicorp/aws\"]",
      "instances": [
        {
          "schema_version": 0,
          "attributes": {
            "arn": "arn:aws:states:us-east-1:925273580929:stateMachine:kr-data-pipeline-dev",
            "creation_date": "2026-06-27T02:45:08Z",
            "definition": "{\"Comment\":\"KR Data Pipeline - E2E orchestration (Transform → Image → Load → Vector)\",\"StartAt\":\"CheckSkipTransform\",\"States\":{\"AggregateReviewManifest\":{\"Catch\":[{\"ErrorEquals\":[\"States.ALL\"],\"Next\":\"HandleFailure\",\"ResultPath\":\"$.error_info\"}],\"Next\":\"LoadStage\",\"Parameters\":{\"bucket.$\":\"$.bucket\",\"command\":\"aggregate_review\",\"image_results.$\":\"$.image_results\",\"ingest_date.$\":\"$.ingest_date\"},\"Resource\":\"arn:aws:lambda:us-east-1:925273580929:function:kr-pipeline-image\",\"ResultPath\":\"$.review_manifest\",\"Type\":\"Task\"},\"BuildCityList\":{\"Comment\":\"Constructs city_list from S3 processed/{date}/passed/ file listing\",\"Next\":\"ImageStage\",\"Type\":\"Pass\"},\"CheckSkipTransform\":{\"Choices\":[{\"BooleanEquals\":true,\"Next\":\"BuildCityList\",\"Variable\":\"$.skip_transform\"}],\"Default\":\"TransformStage\",\"Type\":\"Choice\"},\"GenerateReport\":{\"Next\":\"Success\",\"Parameters\":{\"bucket.$\":\"$.bucket\",\"command\":\"generate_report\",\"execution_context.$\":\"$\",\"ingest_date.$\":\"$.ingest_date\"},\"Resource\":\"arn:aws:lambda:us-east-1:925273580929:function:kr-pipeline-image\",\"ResultPath\":\"$.report\",\"Type\":\"Task\"},\"HandleFailure\":{\"Next\":\"GenerateReport\",\"ResultPath\":\"$.failure_info\",\"Type\":\"Pass\"},\"ImageStage\":{\"Catch\":[{\"ErrorEquals\":[\"States.ALL\"],\"Next\":\"HandleFailure\",\"ResultPath\":\"$.error_info\"}],\"ItemsPath\":\"$.city_list\",\"Iterator\":{\"StartAt\":\"InvokeImageProcessor\",\"States\":{\"InvokeImageProcessor\":{\"End\":true,\"Resource\":\"arn:aws:lambda:us-east-1:925273580929:function:kr-pipeline-image\",\"Retry\":[{\"BackoffRate\":2,\"ErrorEquals\":[\"States.TaskFailed\",\"Lambda.ServiceException\",\"Lambda.SdkClientException\"],\"IntervalSeconds\":5,\"MaxAttempts\":1}],\"Type\":\"Task\"}}},\"MaxConcurrency\":10,\"Next\":\"AggregateReviewManifest\",\"ResultPath\":\"$.image_results\",\"Type\":\"Map\"},\"LoadStage\":{\"Catch\":[{\"ErrorEquals\":[\"States.ALL\"],\"Next\":\"HandleFailure\",\"ResultPath\":\"$.error_info\"}],\"Next\":\"VectorStage\",\"Parameters\":{\"bucket.$\":\"$.bucket\",\"command\":\"load\",\"ingest_date.$\":\"$.ingest_date\",\"table_name.$\":\"$.table_name\"},\"Resource\":\"arn:aws:lambda:us-east-1:925273580929:function:kr-pipeline-loader\",\"ResultPath\":\"$.load_results\",\"Retry\":[{\"BackoffRate\":2,\"ErrorEquals\":[\"States.TaskFailed\",\"Lambda.ServiceException\",\"Lambda.SdkClientException\"],\"IntervalSeconds\":5,\"MaxAttempts\":2}],\"Type\":\"Task\"},\"Success\":{\"Type\":\"Succeed\"},\"TransformStage\":{\"Catch\":[{\"ErrorEquals\":[\"States.ALL\"],\"Next\":\"HandleFailure\",\"ResultPath\":\"$.error_info\"}],\"ItemsPath\":\"$.city_files\",\"Iterator\":{\"StartAt\":\"InvokeTransform\",\"States\":{\"InvokeTransform\":{\"End\":true,\"Resource\":\"arn:aws:lambda:us-east-1:925273580929:function:kr-pipeline-transform\",\"Retry\":[{\"BackoffRate\":2,\"ErrorEquals\":[\"States.TaskFailed\",\"Lambda.ServiceException\",\"Lambda.SdkClientException\"],\"IntervalSeconds\":3,\"MaxAttempts\":2}],\"Type\":\"Task\"}}},\"MaxConcurrency\":10,\"Next\":\"BuildCityList\",\"ResultPath\":\"$.transform_results\",\"Type\":\"Map\"},\"VectorStage\":{\"Catch\":[{\"ErrorEquals\":[\"States.ALL\"],\"Next\":\"GenerateReport\",\"ResultPath\":\"$.vector_error\"}],\"Next\":\"GenerateReport\",\"Parameters\":{\"command\":\"vector-build\",\"rebuild_mode\":\"full\",\"table_name.$\":\"$.table_name\"},\"Resource\":\"arn:aws:lambda:us-east-1:925273580929:function:kr-pipeline-loader\",\"ResultPath\":\"$.vector_results\",\"Retry\":[{\"BackoffRate\":2,\"ErrorEquals\":[\"States.TaskFailed\",\"Lambda.ServiceException\",\"Lambda.SdkClientException\"],\"IntervalSeconds\":5,\"MaxAttempts\":1}],\"Type\":\"Task\"}}}",
            "description": "",
            "encryption_configuration": [
              {
                "kms_data_key_reuse_period_seconds": 0,
                "kms_key_id": "",
                "type": "AWS_OWNED_KEY"
              }
            ],
            "id": "arn:aws:states:us-east-1:925273580929:stateMachine:kr-data-pipeline-dev",
            "logging_configuration": [
              {
                "include_execution_data": true,
                "level": "ERROR",
                "log_destination": "arn:aws:logs:us-east-1:925273580929:log-group:/aws/states/kr-data-pipeline-dev:*"
              }
            ],
            "name": "kr-data-pipeline-dev",
            "name_prefix": "",
            "publish": false,
            "revision_id": "",
            "role_arn": "arn:aws:iam::925273580929:role/kr-data-pipeline-sfn-dev",
            "state_machine_version_arn": "",
            "status": "ACTIVE",
            "tags": {
              "Name": "kr-data-pipeline-dev",
              "app": "data-pipeline",
              "env": "dev",
              "managed": "terraform",
              "phase": "phase0",
              "project": "lovv"
            },
            "tags_all": {
              "Name": "kr-data-pipeline-dev",
              "app": "data-pipeline",
              "env": "dev",
              "managed": "terraform",
              "phase": "phase0",
              "project": "lovv"
            },
            "timeouts": null,
            "tracing_configuration": [
              {
                "enabled": false
              }
            ],
            "type": "STANDARD",
            "version_description": null
          },
          "sensitive_attributes": [],
          "identity_schema_version": 0,
          "private": "eyJlMmJmYjczMC1lY2FhLTExZTYtOGY4OC0zNDM2M2JjN2M0YzAiOnsiY3JlYXRlIjozMDAwMDAwMDAwMDAsImRlbGV0ZSI6MzAwMDAwMDAwMDAwLCJ1cGRhdGUiOjYwMDAwMDAwMDAwfX0=",
          "dependencies": [
            "aws_cloudwatch_log_group.lambda_image",
            "aws_cloudwatch_log_group.lambda_loader",
            "aws_cloudwatch_log_group.lambda_transform",
            "aws_cloudwatch_log_group.lambda_vector",
            "aws_cloudwatch_log_group.sfn_logs",
            "aws_dynamodb_table.tourkorea_domain_data",
            "aws_dynamodb_table.tourkorea_domain_data_v2",
            "aws_iam_role.pipeline_lambda_role",
            "aws_iam_role.sfn_execution_role",
            "aws_iam_role_policy.pipeline_lambda_policy",
            "aws_iam_role_policy.sfn_execution_policy",
            "aws_lambda_function.kr_pipeline_image",
            "aws_lambda_function.kr_pipeline_loader",
            "aws_lambda_function.kr_pipeline_transform",
            "aws_lambda_function.kr_pipeline_vector",
            "aws_lambda_layer_version.requests",
            "aws_s3_bucket.pipeline",
            "aws_s3_bucket.pipeline_images",
            "data.archive_file.kr_image_processor_lambda",
            "data.archive_file.kr_pipeline_lambda",
            "data.archive_file.kr_unified_pipeline_lambda",
            "data.archive_file.kr_vector_index_lambda",
            "data.aws_caller_identity.current"
          ]
        }
      ]
    }
  ],
  "check_results": null
}
