{
  "version": 4,
  "terraform_version": "1.15.3",
  "serial": 83,
  "lineage": "0288adea-d3cc-5462-0a32-0891c48363a0",
  "outputs": {
    "bucket_arn": {
      "value": "arn:aws:s3:::lovv-data-pipeline-dev-925273580929",
      "type": "string"
    },
    "bucket_name": {
      "value": "lovv-data-pipeline-dev-925273580929",
      "type": "string"
    },
    "domain_dynamodb_table_arn": {
      "value": "arn:aws:dynamodb:us-east-1:925273580929:table/TourKoreaDomainData",
      "type": "string"
    },
    "domain_dynamodb_table_name": {
      "value": "TourKoreaDomainData",
      "type": "string"
    },
    "kr_domain_loader_lambda_arn": {
      "value": "arn:aws:lambda:us-east-1:925273580929:function:kr-domain-loader",
      "type": "string"
    },
    "kr_domain_loader_lambda_name": {
      "value": "kr-domain-loader",
      "type": "string"
    },
    "kr_vector_index_arn": {
      "value": "arn:aws:s3vectors:us-east-1:925273580929:bucket/lovv-vector-dev/index/kr-tour-domain-v1",
      "type": "string"
    },
    "kr_vector_index_lambda_arn": {
      "value": "arn:aws:lambda:us-east-1:925273580929:function:kr-vector-index",
      "type": "string"
    },
    "kr_vector_index_lambda_name": {
      "value": "kr-vector-index",
      "type": "string"
    },
    "kr_vector_index_name": {
      "value": "kr-tour-domain-v1",
      "type": "string"
    },
    "lambda_role_arn": {
      "value": "arn:aws:iam::925273580929:role/lovv-data-pipeline-lambda-dev",
      "type": "string"
    },
    "s3_vector_index_reader_role_arn": {
      "value": "arn:aws:iam::925273580929:role/lovv-vector-index-reader-dev",
      "type": "string"
    },
    "s3_vector_index_writer_role_arn": {
      "value": "arn:aws:iam::925273580929:role/lovv-vector-index-writer-dev",
      "type": "string"
    },
    "vector_bucket_name": {
      "value": "lovv-vector-dev",
      "type": "string"
    }
  },
  "resources": [
    {
      "mode": "data",
      "type": "archive_file",
      "name": "kr_pipeline_lambda",
      "provider": "provider[\"registry.terraform.io/hashicorp/archive\"]",
      "instances": [
        {
          "schema_version": 0,
          "attributes": {
            "exclude_symlink_directories": null,
            "excludes": [
              "**/__pycache__/**",
              "**/tests/**",
              "kr_vector_index/**"
            ],
            "id": "fbf635c84032abdf5f8ca0372a3b5aac46238246",
            "output_base64sha256": "MyXZDiwh0+QOV6fCqYW4hXaLWDudK+7MAP8twUenDbE=",
            "output_base64sha512": "gI3TT/LxFRTRGtrLc4rY9qXqSRiLkZSYaD5sBpBGCgrW3Org/grvTtdPHoH2Dw/d6P2/RFREFxNe/kIr4oD0rw==",
            "output_file_mode": null,
            "output_md5": "47776fd7e56478f125f4a582153b86bc",
            "output_path": "./kr_pipeline_lambda.zip",
            "output_sha": "fbf635c84032abdf5f8ca0372a3b5aac46238246",
            "output_sha256": "3325d90e2c21d3e40e57a7c2a985b885768b583b9d2beecc00ff2dc147a70db1",
            "output_sha512": "808dd34ff2f11514d11adacb738ad8f6a5ea49188b919498683e6c0690460a0ad6dceae0fe0aef4ed74f1e81f60f0fdde8fdbf44544417135efe422be280f4af",
            "output_size": 90927,
            "source": [],
            "source_content": null,
            "source_content_filename": null,
            "source_dir": "./../../src",
            "source_file": null,
            "type": "zip"
          },
          "sensitive_attributes": [],
          "identity_schema_version": 0
        }
      ]
    },
    {
      "mode": "data",
      "type": "archive_file",
      "name": "kr_unified_pipeline_lambda",
      "provider": "provider[\"registry.terraform.io/hashicorp/archive\"]",
      "instances": [
        {
          "schema_version": 0,
          "attributes": {
            "exclude_symlink_directories": null,
            "excludes": [
              "**/__pycache__/**",
              "**/tests/**"
            ],
            "id": "4b0782bc6191f132fc6c5c5e19a9fc9d59f89a28",
            "output_base64sha256": "ZIe1jHvNl2MiBJNywKDJnffJjcLBLDxe/02RoVo5tmA=",
            "output_base64sha512": "uyDDLTCcr7i6AtIWT2qFHdfr5+VC0kYu6AXDAOaHL0e4uFuFRlU6EMefMt815zCUTrJkzHsLvUTVEOFOT0NUcQ==",
            "output_file_mode": null,
            "output_md5": "d6a9e687c54eccd683679ad5ff77569c",
            "output_path": "./kr_unified_pipeline_lambda.zip",
            "output_sha": "4b0782bc6191f132fc6c5c5e19a9fc9d59f89a28",
            "output_sha256": "6487b58c7bcd976322049372c0a0c99df7c98dc2c12c3c5eff4d91a15a39b660",
            "output_sha512": "bb20c32d309cafb8ba02d2164f6a851dd7ebe7e542d2462ee805c300e6872f47b8b85b8546553a10c79f32df35e730944eb264cc7b0bbd44d510e14e4f435471",
            "output_size": 103763,
            "source": [],
            "source_content": null,
            "source_content_filename": null,
            "source_dir": "./../../src",
            "source_file": null,
            "type": "zip"
          },
          "sensitive_attributes": [],
          "identity_schema_version": 0
        }
      ]
    },
    {
      "mode": "data",
      "type": "archive_file",
      "name": "kr_vector_index_lambda",
      "provider": "provider[\"registry.terraform.io/hashicorp/archive\"]",
      "instances": [
        {
          "schema_version": 0,
          "attributes": {
            "exclude_symlink_directories": null,
            "excludes": [
              "**/__pycache__/**",
              "**/tests/**",
              "kr_details_pipeline/**"
            ],
            "id": "6155ab97d26ce4d71519a271db36ebe6f39aaf5d",
            "output_base64sha256": "ZfF3aC1Vr08gQP0ZMIqcJ9zNiymrHznhkHk5yWOaRcM=",
            "output_base64sha512": "ik5z/BTH3H88OwowPM03nY6FFBNBdm+g6PISVxDoFyQASeZAVz/Jpfjzn5y04NjUdiH0wJXgk8kFi+ObpvLMsg==",
            "output_file_mode": null,
            "output_md5": "0e0cf2017dc8d2c2bf72d1bd4844d6d9",
            "output_path": "./kr_vector_index_lambda.zip",
            "output_sha": "6155ab97d26ce4d71519a271db36ebe6f39aaf5d",
            "output_sha256": "65f177682d55af4f2040fd19308a9c27dccd8b29ab1f39e1907939c9639a45c3",
            "output_sha512": "8a4e73fc14c7dc7f3c3b0a303ccd379d8e85141341766fa0e8f2125710e817240049e640573fc9a5f8f39f9cb4e0d8d47621f4c095e093c9058be39ba6f2ccb2",
            "output_size": 65427,
            "source": [],
            "source_content": null,
            "source_content_filename": null,
            "source_dir": "./../../src",
            "source_file": null,
            "type": "zip"
          },
          "sensitive_attributes": [],
          "identity_schema_version": 0
        }
      ]
    },
    {
      "mode": "data",
      "type": "aws_caller_identity",
      "name": "current",
      "provider": "provider[\"registry.terraform.io/hashicorp/aws\"]",
      "instances": [
        {
          "schema_version": 0,
          "attributes": {
            "account_id": "925273580929",
            "arn": "arn:aws:iam::925273580929:user/nobrain711",
            "id": "925273580929",
            "user_id": "AIDA5O3U2MWAT5WXOBE46"
          },
          "sensitive_attributes": [],
          "identity_schema_version": 0
        }
      ]
    },
    {
      "mode": "managed",
      "type": "aws_cloudwatch_log_group",
      "name": "lambda_domain_loader",
      "provider": "provider[\"registry.terraform.io/hashicorp/aws\"]",
      "instances": [
        {
          "schema_version": 0,
          "attributes": {
            "arn": "arn:aws:logs:us-east-1:925273580929:log-group:/aws/lambda/kr-domain-loader",
            "id": "/aws/lambda/kr-domain-loader",
            "kms_key_id": "",
            "log_group_class": "STANDARD",
            "name": "/aws/lambda/kr-domain-loader",
            "name_prefix": "",
            "retention_in_days": 14,
            "skip_destroy": false,
            "tags": {},
            "tags_all": {}
          },
          "sensitive_attributes": [],
          "identity_schema_version": 0,
          "private": "bnVsbA=="
        }
      ]
    },
    {
      "mode": "managed",
      "type": "aws_cloudwatch_log_group",
      "name": "lambda_unified_pipeline",
      "provider": "provider[\"registry.terraform.io/hashicorp/aws\"]",
      "instances": [
        {
          "schema_version": 0,
          "attributes": {
            "arn": "arn:aws:logs:us-east-1:925273580929:log-group:/aws/lambda/kr-unified-pipeline",
            "id": "/aws/lambda/kr-unified-pipeline",
            "kms_key_id": "",
            "log_group_class": "STANDARD",
            "name": "/aws/lambda/kr-unified-pipeline",
            "name_prefix": "",
            "retention_in_days": 14,
            "skip_destroy": false,
            "tags": null,
            "tags_all": {}
          },
          "sensitive_attributes": [],
          "identity_schema_version": 0,
          "private": "bnVsbA=="
        }
      ]
    },
    {
      "mode": "managed",
      "type": "aws_cloudwatch_log_group",
      "name": "lambda_vector_index",
      "provider": "provider[\"registry.terraform.io/hashicorp/aws\"]",
      "instances": [
        {
          "schema_version": 0,
          "attributes": {
            "arn": "arn:aws:logs:us-east-1:925273580929:log-group:/aws/lambda/kr-vector-index",
            "id": "/aws/lambda/kr-vector-index",
            "kms_key_id": "",
            "log_group_class": "STANDARD",
            "name": "/aws/lambda/kr-vector-index",
            "name_prefix": "",
            "retention_in_days": 14,
            "skip_destroy": false,
            "tags": {},
            "tags_all": {}
          },
          "sensitive_attributes": [],
          "identity_schema_version": 0,
          "private": "bnVsbA=="
        }
      ]
    },
    {
      "mode": "managed",
      "type": "aws_dynamodb_table",
      "name": "tourkorea_domain_data",
      "provider": "provider[\"registry.terraform.io/hashicorp/aws\"]",
      "instances": [
        {
          "schema_version": 1,
          "attributes": {
            "arn": "arn:aws:dynamodb:us-east-1:925273580929:table/TourKoreaDomainData",
            "attribute": [
              {
                "name": "PK",
                "type": "S"
              },
              {
                "name": "SK",
                "type": "S"
              },
              {
                "name": "city_key",
                "type": "S"
              },
              {
                "name": "domain_sort_key",
                "type": "S"
              },
              {
                "name": "entity_type",
                "type": "S"
              },
              {
                "name": "gsi_sk",
                "type": "S"
              },
              {
                "name": "province_key",
                "type": "S"
              }
            ],
            "billing_mode": "PAY_PER_REQUEST",
            "deletion_protection_enabled": false,
            "global_secondary_index": [
              {
                "hash_key": "city_key",
                "name": "GSI1",
                "non_key_attributes": [],
                "on_demand_throughput": [],
                "projection_type": "ALL",
                "range_key": "domain_sort_key",
                "read_capacity": 0,
                "write_capacity": 0
              },
              {
                "hash_key": "entity_type",
                "name": "FestivalMonthIndex",
                "non_key_attributes": [],
                "on_demand_throughput": [],
                "projection_type": "ALL",
                "range_key": "gsi_sk",
                "read_capacity": 0,
                "write_capacity": 0
              },
              {
                "hash_key": "entity_type",
                "name": "GSI3",
                "non_key_attributes": [],
                "on_demand_throughput": [],
                "projection_type": "ALL",
                "range_key": "domain_sort_key",
                "read_capacity": 0,
                "write_capacity": 0
              },
              {
                "hash_key": "province_key",
                "name": "GSI2",
                "non_key_attributes": [],
                "on_demand_throughput": [],
                "projection_type": "ALL",
                "range_key": "domain_sort_key",
                "read_capacity": 0,
                "write_capacity": 0
              }
            ],
            "hash_key": "PK",
            "id": "TourKoreaDomainData",
            "import_table": [],
            "local_secondary_index": [],
            "name": "TourKoreaDomainData",
            "on_demand_throughput": [],
            "point_in_time_recovery": [
              {
                "enabled": true,
                "recovery_period_in_days": 35
              }
            ],
            "range_key": "SK",
            "read_capacity": 0,
            "replica": [],
            "restore_date_time": null,
            "restore_source_name": null,
            "restore_source_table_arn": null,
            "restore_to_latest_time": null,
            "server_side_encryption": [],
            "stream_arn": "",
            "stream_enabled": false,
            "stream_label": "",
            "stream_view_type": "",
            "table_class": "STANDARD",
            "tags": {
              "Name": "TourKoreaDomainData",
              "app": "data-pipeline",
              "env": "dev",
              "managed": "terraform",
              "phase": "phase0",
              "project": "lovv",
              "schema": "domain-separated"
            },
            "tags_all": {
              "Name": "TourKoreaDomainData",
              "app": "data-pipeline",
              "env": "dev",
              "managed": "terraform",
              "phase": "phase0",
              "project": "lovv",
              "schema": "domain-separated"
            },
            "timeouts": null,
            "ttl": [
              {
                "attribute_name": "",
                "enabled": false
              }
            ],
            "write_capacity": 0
          },
          "sensitive_attributes": [],
          "identity_schema_version": 0,
          "private": "eyJlMmJmYjczMC1lY2FhLTExZTYtOGY4OC0zNDM2M2JjN2M0YzAiOnsiY3JlYXRlIjoxODAwMDAwMDAwMDAwLCJkZWxldGUiOjYwMDAwMDAwMDAwMCwidXBkYXRlIjozNjAwMDAwMDAwMDAwfSwic2NoZW1hX3ZlcnNpb24iOiIxIn0="
        }
      ]
    },
    {
      "mode": "managed",
      "type": "aws_dynamodb_table",
      "name": "tourkorea_domain_data_v2",
      "provider": "provider[\"registry.terraform.io/hashicorp/aws\"]",
      "instances": [
        {
          "schema_version": 1,
          "attributes": {
            "arn": "arn:aws:dynamodb:us-east-1:925273580929:table/TourKoreaDomainDataV2",
            "attribute": [
              {
                "name": "PK",
                "type": "S"
              },
              {
                "name": "SK",
                "type": "S"
              },
              {
                "name": "city_key",
                "type": "S"
              },
              {
                "name": "domain_sort_key",
                "type": "S"
              },
              {
                "name": "entity_type",
                "type": "S"
              },
              {
                "name": "gsi_sk",
                "type": "S"
              },
              {
                "name": "province_key",
                "type": "S"
              }
            ],
            "billing_mode": "PAY_PER_REQUEST",
            "deletion_protection_enabled": false,
            "global_secondary_index": [
              {
                "hash_key": "city_key",
                "name": "CityDomainIndex",
                "non_key_attributes": [],
                "on_demand_throughput": [],
                "projection_type": "ALL",
                "range_key": "domain_sort_key",
                "read_capacity": 0,
                "write_capacity": 0
              },
              {
                "hash_key": "entity_type",
                "name": "EntityTypeDomainIndex",
                "non_key_attributes": [],
                "on_demand_throughput": [],
                "projection_type": "ALL",
                "range_key": "domain_sort_key",
                "read_capacity": 0,
                "write_capacity": 0
              },
              {
                "hash_key": "entity_type",
                "name": "FestivalMonthIndex",
                "non_key_attributes": [],
                "on_demand_throughput": [],
                "projection_type": "ALL",
                "range_key": "gsi_sk",
                "read_capacity": 0,
                "write_capacity": 0
              },
              {
                "hash_key": "province_key",
                "name": "ProvinceDomainIndex",
                "non_key_attributes": [],
                "on_demand_throughput": [],
                "projection_type": "ALL",
                "range_key": "domain_sort_key",
                "read_capacity": 0,
                "write_capacity": 0
              }
            ],
            "hash_key": "PK",
            "id": "TourKoreaDomainDataV2",
            "import_table": [],
            "local_secondary_index": [],
            "name": "TourKoreaDomainDataV2",
            "on_demand_throughput": [],
            "point_in_time_recovery": [
              {
                "enabled": true,
                "recovery_period_in_days": 35
              }
            ],
            "range_key": "SK",
            "read_capacity": 0,
            "replica": [],
            "restore_date_time": null,
            "restore_source_name": null,
            "restore_source_table_arn": null,
            "restore_to_latest_time": null,
            "server_side_encryption": [],
            "stream_arn": "",
            "stream_enabled": false,
            "stream_label": "",
            "stream_view_type": "",
            "table_class": "STANDARD",
            "tags": {
              "Name": "TourKoreaDomainDataV2",
              "app": "data-pipeline",
              "env": "dev",
              "managed": "terraform",
              "phase": "phase0",
              "project": "lovv",
              "schema": "domain-separated-v2"
            },
            "tags_all": {
              "Name": "TourKoreaDomainDataV2",
              "app": "data-pipeline",
              "env": "dev",
              "managed": "terraform",
              "phase": "phase0",
              "project": "lovv",
              "schema": "domain-separated-v2"
            },
            "timeouts": null,
            "ttl": [
              {
                "attribute_name": "",
                "enabled": false
              }
            ],
            "write_capacity": 0
          },
          "sensitive_attributes": [],
          "identity_schema_version": 0,
          "private": "eyJlMmJmYjczMC1lY2FhLTExZTYtOGY4OC0zNDM2M2JjN2M0YzAiOnsiY3JlYXRlIjoxODAwMDAwMDAwMDAwLCJkZWxldGUiOjYwMDAwMDAwMDAwMCwidXBkYXRlIjozNjAwMDAwMDAwMDAwfSwic2NoZW1hX3ZlcnNpb24iOiIxIn0="
        }
      ]
    },
    {
      "mode": "managed",
      "type": "aws_iam_role",
      "name": "pipeline_lambda_role",
      "provider": "provider[\"registry.terraform.io/hashicorp/aws\"]",
      "instances": [
        {
          "schema_version": 0,
          "attributes": {
            "arn": "arn:aws:iam::925273580929:role/lovv-data-pipeline-lambda-dev",
            "assume_role_policy": "{\"Statement\":[{\"Action\":\"sts:AssumeRole\",\"Effect\":\"Allow\",\"Principal\":{\"Service\":\"lambda.amazonaws.com\"}}],\"Version\":\"2012-10-17\"}",
            "create_date": "2026-06-09T06:50:26Z",
            "description": "",
            "force_detach_policies": false,
            "id": "lovv-data-pipeline-lambda-dev",
            "inline_policy": [
              {
                "name": "lovv-data-pipeline-lambda-policy-dev",
                "policy": "{\"Version\":\"2012-10-17\",\"Statement\":[{\"Action\":[\"dynamodb:PutItem\",\"dynamodb:UpdateItem\",\"dynamodb:GetItem\",\"dynamodb:DeleteItem\",\"dynamodb:Query\"],\"Effect\":\"Allow\",\"Resource\":\"arn:aws:dynamodb:us-east-1:925273580929:table/TourKoreaDomainData\"},{\"Action\":[\"dynamodb:Query\"],\"Effect\":\"Allow\",\"Resource\":\"arn:aws:dynamodb:us-east-1:925273580929:table/TourKoreaDomainData/index/*\"},{\"Action\":[\"dynamodb:DescribeTable\"],\"Effect\":\"Allow\",\"Resource\":\"arn:aws:dynamodb:us-east-1:925273580929:table/TourKoreaDomainData\"},{\"Action\":[\"dynamodb:PutItem\",\"dynamodb:UpdateItem\",\"dynamodb:GetItem\",\"dynamodb:DeleteItem\",\"dynamodb:Query\"],\"Effect\":\"Allow\",\"Resource\":\"arn:aws:dynamodb:us-east-1:925273580929:table/TourKoreaDomainDataV2\"},{\"Action\":[\"dynamodb:Query\"],\"Effect\":\"Allow\",\"Resource\":\"arn:aws:dynamodb:us-east-1:925273580929:table/TourKoreaDomainDataV2/index/*\"},{\"Action\":[\"dynamodb:DescribeTable\"],\"Effect\":\"Allow\",\"Resource\":\"arn:aws:dynamodb:us-east-1:925273580929:table/TourKoreaDomainDataV2\"},{\"Action\":[\"s3:ListBucket\",\"s3:GetObject\",\"s3:PutObject\",\"s3:DeleteObject\"],\"Effect\":\"Allow\",\"Resource\":[\"arn:aws:s3:::lovv-data-pipeline-dev-925273580929\",\"arn:aws:s3:::lovv-data-pipeline-dev-925273580929/*\"]},{\"Action\":[\"logs:CreateLogGroup\",\"logs:CreateLogStream\",\"logs:PutLogEvents\"],\"Effect\":\"Allow\",\"Resource\":\"arn:aws:logs:us-east-1:925273580929:*\"},{\"Action\":[\"bedrock:InvokeModel\"],\"Effect\":\"Allow\",\"Resource\":\"arn:aws:bedrock:us-east-1::foundation-model/amazon.titan-embed-text-v2:0\"},{\"Action\":[\"bedrock:InvokeModel\",\"bedrock:InvokeModelWithResponseStream\"],\"Effect\":\"Allow\",\"Resource\":[\"arn:aws:bedrock:us-east-1::foundation-model/anthropic.claude-3-haiku-20240307-v1:0\",\"arn:aws:bedrock:us-east-1::foundation-model/anthropic.claude-3-5-sonnet-20241022-v2:0\"]},{\"Action\":[\"s3vectors:GetVectorBucket\",\"s3vectors:GetIndex\",\"s3vectors:ListVectors\",\"s3vectors:GetVectors\",\"s3vectors:QueryVectors\",\"s3vectors:PutVectors\"],\"Effect\":\"Allow\",\"Resource\":[\"arn:aws:s3vectors:us-east-1:925273580929:bucket/lovv-vector-dev\",\"arn:aws:s3vectors:us-east-1:925273580929:bucket/lovv-vector-dev/index/kr-tour-domain-v1\"]}]}"
              }
            ],
            "managed_policy_arns": [],
            "max_session_duration": 3600,
            "name": "lovv-data-pipeline-lambda-dev",
            "name_prefix": "",
            "path": "/",
            "permissions_boundary": "",
            "tags": {
              "Name": "lovv-data-pipeline-lambda-role-dev",
              "app": "data-pipeline",
              "env": "dev",
              "managed": "terraform",
              "phase": "phase0",
              "project": "lovv"
            },
            "tags_all": {
              "Name": "lovv-data-pipeline-lambda-role-dev",
              "app": "data-pipeline",
              "env": "dev",
              "managed": "terraform",
              "phase": "phase0",
              "project": "lovv"
            },
            "unique_id": "AROA5O3U2MWAYCNKD2KIV"
          },
          "sensitive_attributes": [],
          "identity_schema_version": 0,
          "private": "bnVsbA=="
        }
      ]
    },
    {
      "mode": "managed",
      "type": "aws_iam_role",
      "name": "s3_vector_index_reader_role",
      "provider": "provider[\"registry.terraform.io/hashicorp/aws\"]",
      "instances": [
        {
          "schema_version": 0,
          "attributes": {
            "arn": "arn:aws:iam::925273580929:role/lovv-vector-index-reader-dev",
            "assume_role_policy": "{\"Statement\":[{\"Action\":\"sts:AssumeRole\",\"Effect\":\"Allow\",\"Principal\":{\"AWS\":\"arn:aws:iam::925273580929:root\"}}],\"Version\":\"2012-10-17\"}",
            "create_date": "2026-06-11T06:07:21Z",
            "description": "",
            "force_detach_policies": false,
            "id": "lovv-vector-index-reader-dev",
            "inline_policy": [
              {
                "name": "lovv-vector-index-reader-policy-dev",
                "policy": "{\"Version\":\"2012-10-17\",\"Statement\":[{\"Action\":[\"s3vectors:GetVectorBucket\",\"s3vectors:GetIndex\",\"s3vectors:QueryVectors\"],\"Effect\":\"Allow\",\"Resource\":[\"arn:aws:s3vectors:us-east-1:925273580929:bucket/lovv-vector-dev\",\"arn:aws:s3vectors:us-east-1:925273580929:bucket/lovv-vector-dev/index/kr-tour-domain-v1\"]}]}"
              }
            ],
            "managed_policy_arns": [],
            "max_session_duration": 3600,
            "name": "lovv-vector-index-reader-dev",
            "name_prefix": "",
            "path": "/",
            "permissions_boundary": "",
            "tags": {
              "Name": "lovv-vector-index-reader-dev",
              "app": "data-pipeline",
              "env": "dev",
              "managed": "terraform",
              "phase": "phase0",
              "project": "lovv",
              "scope": "s3-vector-reader"
            },
            "tags_all": {
              "Name": "lovv-vector-index-reader-dev",
              "app": "data-pipeline",
              "env": "dev",
              "managed": "terraform",
              "phase": "phase0",
              "project": "lovv",
              "scope": "s3-vector-reader"
            },
            "unique_id": "AROA5O3U2MWAZL7AY6MRT"
          },
          "sensitive_attributes": [],
          "identity_schema_version": 0,
          "private": "bnVsbA==",
          "dependencies": [
            "data.aws_caller_identity.current"
          ]
        }
      ]
    },
    {
      "mode": "managed",
      "type": "aws_iam_role",
      "name": "s3_vector_index_writer_role",
      "provider": "provider[\"registry.terraform.io/hashicorp/aws\"]",
      "instances": [
        {
          "schema_version": 0,
          "attributes": {
            "arn": "arn:aws:iam::925273580929:role/lovv-vector-index-writer-dev",
            "assume_role_policy": "{\"Statement\":[{\"Action\":\"sts:AssumeRole\",\"Effect\":\"Allow\",\"Principal\":{\"AWS\":\"arn:aws:iam::925273580929:root\"}}],\"Version\":\"2012-10-17\"}",
            "create_date": "2026-06-11T06:07:21Z",
            "description": "",
            "force_detach_policies": false,
            "id": "lovv-vector-index-writer-dev",
            "inline_policy": [
              {
                "name": "lovv-vector-index-writer-policy-dev",
                "policy": "{\"Version\":\"2012-10-17\",\"Statement\":[{\"Action\":[\"s3vectors:GetVectorBucket\",\"s3vectors:GetIndex\",\"s3vectors:ListIndexes\",\"s3vectors:ListVectors\",\"s3vectors:GetVectors\",\"s3vectors:QueryVectors\",\"s3vectors:PutVectors\"],\"Effect\":\"Allow\",\"Resource\":[\"arn:aws:s3vectors:us-east-1:925273580929:bucket/lovv-vector-dev\",\"arn:aws:s3vectors:us-east-1:925273580929:bucket/lovv-vector-dev/index/kr-tour-domain-v1\"]}]}"
              }
            ],
            "managed_policy_arns": [],
            "max_session_duration": 3600,
            "name": "lovv-vector-index-writer-dev",
            "name_prefix": "",
            "path": "/",
            "permissions_boundary": "",
            "tags": {
              "Name": "lovv-vector-index-writer-dev",
              "app": "data-pipeline",
              "env": "dev",
              "managed": "terraform",
              "phase": "phase0",
              "project": "lovv",
              "scope": "s3-vector-writer"
            },
            "tags_all": {
              "Name": "lovv-vector-index-writer-dev",
              "app": "data-pipeline",
              "env": "dev",
              "managed": "terraform",
              "phase": "phase0",
              "project": "lovv",
              "scope": "s3-vector-writer"
            },
            "unique_id": "AROA5O3U2MWATBW4CYFBA"
          },
          "sensitive_attributes": [],
          "identity_schema_version": 0,
          "private": "bnVsbA==",
          "dependencies": [
            "data.aws_caller_identity.current"
          ]
        }
      ]
    },
    {
      "mode": "managed",
      "type": "aws_iam_role_policy",
      "name": "pipeline_lambda_policy",
      "provider": "provider[\"registry.terraform.io/hashicorp/aws\"]",
      "instances": [
        {
          "schema_version": 0,
          "attributes": {
            "id": "lovv-data-pipeline-lambda-dev:lovv-data-pipeline-lambda-policy-dev",
            "name": "lovv-data-pipeline-lambda-policy-dev",
            "name_prefix": "",
            "policy": "{\"Version\":\"2012-10-17\",\"Statement\":[{\"Action\":[\"dynamodb:PutItem\",\"dynamodb:UpdateItem\",\"dynamodb:GetItem\",\"dynamodb:DeleteItem\",\"dynamodb:Query\"],\"Effect\":\"Allow\",\"Resource\":\"arn:aws:dynamodb:us-east-1:925273580929:table/TourKoreaDomainData\"},{\"Action\":[\"dynamodb:Query\"],\"Effect\":\"Allow\",\"Resource\":\"arn:aws:dynamodb:us-east-1:925273580929:table/TourKoreaDomainData/index/*\"},{\"Action\":[\"dynamodb:DescribeTable\"],\"Effect\":\"Allow\",\"Resource\":\"arn:aws:dynamodb:us-east-1:925273580929:table/TourKoreaDomainData\"},{\"Action\":[\"dynamodb:PutItem\",\"dynamodb:UpdateItem\",\"dynamodb:GetItem\",\"dynamodb:DeleteItem\",\"dynamodb:Query\"],\"Effect\":\"Allow\",\"Resource\":\"arn:aws:dynamodb:us-east-1:925273580929:table/TourKoreaDomainDataV2\"},{\"Action\":[\"dynamodb:Query\"],\"Effect\":\"Allow\",\"Resource\":\"arn:aws:dynamodb:us-east-1:925273580929:table/TourKoreaDomainDataV2/index/*\"},{\"Action\":[\"dynamodb:DescribeTable\"],\"Effect\":\"Allow\",\"Resource\":\"arn:aws:dynamodb:us-east-1:925273580929:table/TourKoreaDomainDataV2\"},{\"Action\":[\"s3:ListBucket\",\"s3:GetObject\",\"s3:PutObject\",\"s3:DeleteObject\"],\"Effect\":\"Allow\",\"Resource\":[\"arn:aws:s3:::lovv-data-pipeline-dev-925273580929\",\"arn:aws:s3:::lovv-data-pipeline-dev-925273580929/*\"]},{\"Action\":[\"logs:CreateLogGroup\",\"logs:CreateLogStream\",\"logs:PutLogEvents\"],\"Effect\":\"Allow\",\"Resource\":\"arn:aws:logs:us-east-1:925273580929:*\"},{\"Action\":[\"bedrock:InvokeModel\"],\"Effect\":\"Allow\",\"Resource\":\"arn:aws:bedrock:us-east-1::foundation-model/amazon.titan-embed-text-v2:0\"},{\"Action\":[\"bedrock:InvokeModel\",\"bedrock:InvokeModelWithResponseStream\"],\"Effect\":\"Allow\",\"Resource\":[\"arn:aws:bedrock:us-east-1::foundation-model/anthropic.claude-3-haiku-20240307-v1:0\",\"arn:aws:bedrock:us-east-1::foundation-model/anthropic.claude-3-5-sonnet-20241022-v2:0\"]},{\"Action\":[\"s3vectors:GetVectorBucket\",\"s3vectors:GetIndex\",\"s3vectors:ListVectors\",\"s3vectors:GetVectors\",\"s3vectors:QueryVectors\",\"s3vectors:PutVectors\"],\"Effect\":\"Allow\",\"Resource\":[\"arn:aws:s3vectors:us-east-1:925273580929:bucket/lovv-vector-dev\",\"arn:aws:s3vectors:us-east-1:925273580929:bucket/lovv-vector-dev/index/kr-tour-domain-v1\"]}]}",
            "role": "lovv-data-pipeline-lambda-dev"
          },
          "sensitive_attributes": [],
          "identity_schema_version": 0,
          "private": "bnVsbA==",
          "dependencies": [
            "aws_dynamodb_table.tourkorea_domain_data",
            "aws_dynamodb_table.tourkorea_domain_data_v2",
            "aws_iam_role.pipeline_lambda_role",
            "aws_s3_bucket.pipeline",
            "data.aws_caller_identity.current"
          ]
        }
      ]
    },
    {
      "mode": "managed",
      "type": "aws_iam_role_policy",
      "name": "s3_vector_index_reader_policy",
      "provider": "provider[\"registry.terraform.io/hashicorp/aws\"]",
      "instances": [
        {
          "schema_version": 0,
          "attributes": {
            "id": "lovv-vector-index-reader-dev:lovv-vector-index-reader-policy-dev",
            "name": "lovv-vector-index-reader-policy-dev",
            "name_prefix": "",
            "policy": "{\"Version\":\"2012-10-17\",\"Statement\":[{\"Action\":[\"s3vectors:GetVectorBucket\",\"s3vectors:GetIndex\",\"s3vectors:QueryVectors\"],\"Effect\":\"Allow\",\"Resource\":[\"arn:aws:s3vectors:us-east-1:925273580929:bucket/lovv-vector-dev\",\"arn:aws:s3vectors:us-east-1:925273580929:bucket/lovv-vector-dev/index/kr-tour-domain-v1\"]}]}",
            "role": "lovv-vector-index-reader-dev"
          },
          "sensitive_attributes": [],
          "identity_schema_version": 0,
          "private": "bnVsbA==",
          "dependencies": [
            "aws_iam_role.s3_vector_index_reader_role",
            "data.aws_caller_identity.current"
          ]
        }
      ]
    },
    {
      "mode": "managed",
      "type": "aws_iam_role_policy",
      "name": "s3_vector_index_writer_policy",
      "provider": "provider[\"registry.terraform.io/hashicorp/aws\"]",
      "instances": [
        {
          "schema_version": 0,
          "attributes": {
            "id": "lovv-vector-index-writer-dev:lovv-vector-index-writer-policy-dev",
            "name": "lovv-vector-index-writer-policy-dev",
            "name_prefix": "",
            "policy": "{\"Version\":\"2012-10-17\",\"Statement\":[{\"Action\":[\"s3vectors:GetVectorBucket\",\"s3vectors:GetIndex\",\"s3vectors:ListIndexes\",\"s3vectors:ListVectors\",\"s3vectors:GetVectors\",\"s3vectors:QueryVectors\",\"s3vectors:PutVectors\"],\"Effect\":\"Allow\",\"Resource\":[\"arn:aws:s3vectors:us-east-1:925273580929:bucket/lovv-vector-dev\",\"arn:aws:s3vectors:us-east-1:925273580929:bucket/lovv-vector-dev/index/kr-tour-domain-v1\"]}]}",
            "role": "lovv-vector-index-writer-dev"
          },
          "sensitive_attributes": [],
          "identity_schema_version": 0,
          "private": "bnVsbA==",
          "dependencies": [
            "aws_iam_role.s3_vector_index_writer_role",
            "data.aws_caller_identity.current"
          ]
        }
      ]
    },
    {
      "mode": "managed",
      "type": "aws_lambda_function",
      "name": "kr_domain_loader",
      "provider": "provider[\"registry.terraform.io/hashicorp/aws\"]",
      "instances": [
        {
          "schema_version": 0,
          "attributes": {
            "architectures": [
              "x86_64"
            ],
            "arn": "arn:aws:lambda:us-east-1:925273580929:function:kr-domain-loader",
            "code_sha256": "MyXZDiwh0+QOV6fCqYW4hXaLWDudK+7MAP8twUenDbE=",
            "code_signing_config_arn": "",
            "dead_letter_config": [],
            "description": "KR domain loader Lambda for manual raw JSON preprocessing and DynamoDB load",
            "environment": [
              {
                "variables": {
                  "DYNAMODB_TABLE": "TourKoreaDomainData",
                  "PROCESSED_PREFIX": "processed/KR/domain"
                }
              }
            ],
            "ephemeral_storage": [
              {
                "size": 512
              }
            ],
            "file_system_config": [],
            "filename": "./kr_pipeline_lambda.zip",
            "function_name": "kr-domain-loader",
            "handler": "kr_details_pipeline.handlers.domain_loader_handler.handler",
            "id": "kr-domain-loader",
            "image_config": [],
            "image_uri": "",
            "invoke_arn": "arn:aws:apigateway:us-east-1:lambda:path/2015-03-31/functions/arn:aws:lambda:us-east-1:925273580929:function:kr-domain-loader/invocations",
            "kms_key_arn": "",
            "last_modified": "2026-06-26T12:11:17.000+0000",
            "layers": [],
            "logging_config": [
              {
                "application_log_level": "",
                "log_format": "Text",
                "log_group": "/aws/lambda/kr-domain-loader",
                "system_log_level": ""
              }
            ],
            "memory_size": 512,
            "package_type": "Zip",
            "publish": false,
            "qualified_arn": "arn:aws:lambda:us-east-1:925273580929:function:kr-domain-loader:$LATEST",
            "qualified_invoke_arn": "arn:aws:apigateway:us-east-1:lambda:path/2015-03-31/functions/arn:aws:lambda:us-east-1:925273580929:function:kr-domain-loader:$LATEST/invocations",
            "replace_security_groups_on_destroy": null,
            "replacement_security_group_ids": null,
            "reserved_concurrent_executions": -1,
            "role": "arn:aws:iam::925273580929:role/lovv-data-pipeline-lambda-dev",
            "runtime": "python3.12",
            "s3_bucket": null,
            "s3_key": null,
            "s3_object_version": null,
            "signing_job_arn": "",
            "signing_profile_version_arn": "",
            "skip_destroy": false,
            "snap_start": [],
            "source_code_hash": "MyXZDiwh0+QOV6fCqYW4hXaLWDudK+7MAP8twUenDbE=",
            "source_code_size": 90927,
            "tags": {},
            "tags_all": {},
            "timeout": 300,
            "timeouts": null,
            "tracing_config": [
              {
                "mode": "PassThrough"
              }
            ],
            "version": "$LATEST",
            "vpc_config": []
          },
          "sensitive_attributes": [],
          "identity_schema_version": 0,
          "private": "eyJlMmJmYjczMC1lY2FhLTExZTYtOGY4OC0zNDM2M2JjN2M0YzAiOnsiY3JlYXRlIjo2MDAwMDAwMDAwMDAsImRlbGV0ZSI6NjAwMDAwMDAwMDAwLCJ1cGRhdGUiOjYwMDAwMDAwMDAwMH19",
          "dependencies": [
            "aws_cloudwatch_log_group.lambda_domain_loader",
            "aws_dynamodb_table.tourkorea_domain_data",
            "aws_dynamodb_table.tourkorea_domain_data_v2",
            "aws_iam_role.pipeline_lambda_role",
            "aws_iam_role_policy.pipeline_lambda_policy",
            "aws_s3_bucket.pipeline",
            "data.archive_file.kr_pipeline_lambda",
            "data.aws_caller_identity.current"
          ]
        }
      ]
    },
    {
      "mode": "managed",
      "type": "aws_lambda_function",
      "name": "kr_unified_pipeline",
      "provider": "provider[\"registry.terraform.io/hashicorp/aws\"]",
      "instances": [
        {
          "schema_version": 0,
          "attributes": {
            "architectures": [
              "x86_64"
            ],
            "arn": "arn:aws:lambda:us-east-1:925273580929:function:kr-unified-pipeline",
            "code_sha256": "ZIe1jHvNl2MiBJNywKDJnffJjcLBLDxe/02RoVo5tmA=",
            "code_signing_config_arn": "",
            "dead_letter_config": [],
            "description": "KR unified preprocessing pipeline: E2E (S3 -\u003e DynamoDB -\u003e Vector) and preprocess orchestration",
            "environment": [
              {
                "variables": {
                  "DYNAMODB_TABLE": "TourKoreaDomainDataV2",
                  "MANIFEST_BUCKET": "lovv-data-pipeline-dev-925273580929",
                  "MANIFEST_PREFIX": "processed/KR/vector/manifests",
                  "PIPELINE_BUCKET": "lovv-data-pipeline-dev-925273580929",
                  "VECTOR_BUCKET": "lovv-vector-dev",
                  "VECTOR_INDEX": "kr-tour-domain-v1"
                }
              }
            ],
            "ephemeral_storage": [
              {
                "size": 512
              }
            ],
            "file_system_config": [],
            "filename": "./kr_unified_pipeline_lambda.zip",
            "function_name": "kr-unified-pipeline",
            "handler": "kr_unified_pipeline.handlers.pipeline_handler.handler",
            "id": "kr-unified-pipeline",
            "image_config": [],
            "image_uri": "",
            "invoke_arn": "arn:aws:apigateway:us-east-1:lambda:path/2015-03-31/functions/arn:aws:lambda:us-east-1:925273580929:function:kr-unified-pipeline/invocations",
            "kms_key_arn": "",
            "last_modified": "2026-06-26T12:32:58.174+0000",
            "layers": null,
            "logging_config": [
              {
                "application_log_level": "",
                "log_format": "Text",
                "log_group": "/aws/lambda/kr-unified-pipeline",
                "system_log_level": ""
              }
            ],
            "memory_size": 1024,
            "package_type": "Zip",
            "publish": false,
            "qualified_arn": "arn:aws:lambda:us-east-1:925273580929:function:kr-unified-pipeline:$LATEST",
            "qualified_invoke_arn": "arn:aws:apigateway:us-east-1:lambda:path/2015-03-31/functions/arn:aws:lambda:us-east-1:925273580929:function:kr-unified-pipeline:$LATEST/invocations",
            "replace_security_groups_on_destroy": null,
            "replacement_security_group_ids": null,
            "reserved_concurrent_executions": -1,
            "role": "arn:aws:iam::925273580929:role/lovv-data-pipeline-lambda-dev",
            "runtime": "python3.12",
            "s3_bucket": null,
            "s3_key": null,
            "s3_object_version": null,
            "signing_job_arn": "",
            "signing_profile_version_arn": "",
            "skip_destroy": false,
            "snap_start": [],
            "source_code_hash": "ZIe1jHvNl2MiBJNywKDJnffJjcLBLDxe/02RoVo5tmA=",
            "source_code_size": 103763,
            "tags": null,
            "tags_all": {},
            "timeout": 900,
            "timeouts": null,
            "tracing_config": [
              {
                "mode": "PassThrough"
              }
            ],
            "version": "$LATEST",
            "vpc_config": []
          },
          "sensitive_attributes": [],
          "identity_schema_version": 0,
          "private": "eyJlMmJmYjczMC1lY2FhLTExZTYtOGY4OC0zNDM2M2JjN2M0YzAiOnsiY3JlYXRlIjo2MDAwMDAwMDAwMDAsImRlbGV0ZSI6NjAwMDAwMDAwMDAwLCJ1cGRhdGUiOjYwMDAwMDAwMDAwMH19",
          "dependencies": [
            "aws_cloudwatch_log_group.lambda_unified_pipeline",
            "aws_dynamodb_table.tourkorea_domain_data",
            "aws_dynamodb_table.tourkorea_domain_data_v2",
            "aws_iam_role.pipeline_lambda_role",
            "aws_iam_role_policy.pipeline_lambda_policy",
            "aws_s3_bucket.pipeline",
            "data.archive_file.kr_unified_pipeline_lambda",
            "data.aws_caller_identity.current"
          ]
        }
      ]
    },
    {
      "mode": "managed",
      "type": "aws_lambda_function",
      "name": "kr_vector_index",
      "provider": "provider[\"registry.terraform.io/hashicorp/aws\"]",
      "instances": [
        {
          "schema_version": 0,
          "attributes": {
            "architectures": [
              "x86_64"
            ],
            "arn": "arn:aws:lambda:us-east-1:925273580929:function:kr-vector-index",
            "code_sha256": "ZfF3aC1Vr08gQP0ZMIqcJ9zNiymrHznhkHk5yWOaRcM=",
            "code_signing_config_arn": "",
            "dead_letter_config": [],
            "description": "KR S3 Vector index build Lambda handler",
            "environment": [
              {
                "variables": {
                  "DYNAMODB_TABLE": "TourKoreaDomainData",
                  "MANIFEST_BUCKET": "lovv-data-pipeline-dev-925273580929",
                  "MANIFEST_PREFIX": "processed/KR/vector/manifests",
                  "VECTOR_BUCKET": "lovv-vector-dev",
                  "VECTOR_INDEX": "kr-tour-domain-v1"
                }
              }
            ],
            "ephemeral_storage": [
              {
                "size": 512
              }
            ],
            "file_system_config": [],
            "filename": "./kr_vector_index_lambda.zip",
            "function_name": "kr-vector-index",
            "handler": "kr_vector_index.handlers.vector_index_handler.handler",
            "id": "kr-vector-index",
            "image_config": [],
            "image_uri": "",
            "invoke_arn": "arn:aws:apigateway:us-east-1:lambda:path/2015-03-31/functions/arn:aws:lambda:us-east-1:925273580929:function:kr-vector-index/invocations",
            "kms_key_arn": "",
            "last_modified": "2026-06-26T12:11:24.000+0000",
            "layers": [],
            "logging_config": [
              {
                "application_log_level": "",
                "log_format": "Text",
                "log_group": "/aws/lambda/kr-vector-index",
                "system_log_level": ""
              }
            ],
            "memory_size": 1024,
            "package_type": "Zip",
            "publish": false,
            "qualified_arn": "arn:aws:lambda:us-east-1:925273580929:function:kr-vector-index:$LATEST",
            "qualified_invoke_arn": "arn:aws:apigateway:us-east-1:lambda:path/2015-03-31/functions/arn:aws:lambda:us-east-1:925273580929:function:kr-vector-index:$LATEST/invocations",
            "replace_security_groups_on_destroy": null,
            "replacement_security_group_ids": null,
            "reserved_concurrent_executions": -1,
            "role": "arn:aws:iam::925273580929:role/lovv-data-pipeline-lambda-dev",
            "runtime": "python3.12",
            "s3_bucket": null,
            "s3_key": null,
            "s3_object_version": null,
            "signing_job_arn": "",
            "signing_profile_version_arn": "",
            "skip_destroy": false,
            "snap_start": [],
            "source_code_hash": "ZfF3aC1Vr08gQP0ZMIqcJ9zNiymrHznhkHk5yWOaRcM=",
            "source_code_size": 65427,
            "tags": {},
            "tags_all": {},
            "timeout": 900,
            "timeouts": null,
            "tracing_config": [
              {
                "mode": "PassThrough"
              }
            ],
            "version": "$LATEST",
            "vpc_config": []
          },
          "sensitive_attributes": [],
          "identity_schema_version": 0,
          "private": "eyJlMmJmYjczMC1lY2FhLTExZTYtOGY4OC0zNDM2M2JjN2M0YzAiOnsiY3JlYXRlIjo2MDAwMDAwMDAwMDAsImRlbGV0ZSI6NjAwMDAwMDAwMDAwLCJ1cGRhdGUiOjYwMDAwMDAwMDAwMH19",
          "dependencies": [
            "aws_cloudwatch_log_group.lambda_vector_index",
            "aws_dynamodb_table.tourkorea_domain_data",
            "aws_dynamodb_table.tourkorea_domain_data_v2",
            "aws_iam_role.pipeline_lambda_role",
            "aws_iam_role_policy.pipeline_lambda_policy",
            "aws_s3_bucket.pipeline",
            "data.archive_file.kr_vector_index_lambda",
            "data.aws_caller_identity.current"
          ]
        }
      ]
    },
    {
      "mode": "managed",
      "type": "aws_s3_bucket",
      "name": "pipeline",
      "provider": "provider[\"registry.terraform.io/hashicorp/aws\"]",
      "instances": [
        {
          "schema_version": 0,
          "attributes": {
            "acceleration_status": "",
            "acl": null,
            "arn": "arn:aws:s3:::lovv-data-pipeline-dev-925273580929",
            "bucket": "lovv-data-pipeline-dev-925273580929",
            "bucket_domain_name": "lovv-data-pipeline-dev-925273580929.s3.amazonaws.com",
            "bucket_prefix": "",
            "bucket_regional_domain_name": "lovv-data-pipeline-dev-925273580929.s3.us-east-1.amazonaws.com",
            "cors_rule": [],
            "force_destroy": false,
            "grant": [
              {
                "id": "343b141073d72804c33fad07c23c48542e8e3d4ea96a277d525a564e92e11e19",
                "permissions": [
                  "FULL_CONTROL"
                ],
                "type": "CanonicalUser",
                "uri": ""
              }
            ],
            "hosted_zone_id": "Z3AQBSTGFYJSTF",
            "id": "lovv-data-pipeline-dev-925273580929",
            "lifecycle_rule": [
              {
                "abort_incomplete_multipart_upload_days": 0,
                "enabled": true,
                "expiration": [],
                "id": "raw-cold-storage",
                "noncurrent_version_expiration": [],
                "noncurrent_version_transition": [],
                "prefix": "raw/KR/",
                "tags": {},
                "transition": [
                  {
                    "date": "",
                    "days": 30,
                    "storage_class": "STANDARD_IA"
                  },
                  {
                    "date": "",
                    "days": 60,
                    "storage_class": "GLACIER"
                  }
                ]
              }
            ],
            "logging": [],
            "object_lock_configuration": [],
            "object_lock_enabled": false,
            "policy": "",
            "region": "us-east-1",
            "replication_configuration": [],
            "request_payer": "BucketOwner",
            "server_side_encryption_configuration": [
              {
                "rule": [
                  {
                    "apply_server_side_encryption_by_default": [
                      {
                        "kms_master_key_id": "",
                        "sse_algorithm": "AES256"
                      }
                    ],
                    "bucket_key_enabled": false
                  }
                ]
              }
            ],
            "tags": {
              "Name": "lovv-data-pipeline-dev-925273580929",
              "app": "data-pipeline",
              "env": "dev",
              "managed": "terraform",
              "phase": "phase0",
              "project": "lovv"
            },
            "tags_all": {
              "Name": "lovv-data-pipeline-dev-925273580929",
              "app": "data-pipeline",
              "env": "dev",
              "managed": "terraform",
              "phase": "phase0",
              "project": "lovv"
            },
            "timeouts": null,
            "versioning": [
              {
                "enabled": true,
                "mfa_delete": false
              }
            ],
            "website": [],
            "website_domain": null,
            "website_endpoint": null
          },
          "sensitive_attributes": [],
          "identity_schema_version": 0,
          "private": "eyJlMmJmYjczMC1lY2FhLTExZTYtOGY4OC0zNDM2M2JjN2M0YzAiOnsiY3JlYXRlIjoxMjAwMDAwMDAwMDAwLCJkZWxldGUiOjM2MDAwMDAwMDAwMDAsInJlYWQiOjEyMDAwMDAwMDAwMDAsInVwZGF0ZSI6MTIwMDAwMDAwMDAwMH19",
          "dependencies": [
            "data.aws_caller_identity.current"
          ]
        }
      ]
    },
    {
      "mode": "managed",
      "type": "aws_s3_bucket_lifecycle_configuration",
      "name": "pipeline",
      "provider": "provider[\"registry.terraform.io/hashicorp/aws\"]",
      "instances": [
        {
          "schema_version": 1,
          "attributes": {
            "bucket": "lovv-data-pipeline-dev-925273580929",
            "expected_bucket_owner": "",
            "id": "lovv-data-pipeline-dev-925273580929",
            "rule": [
              {
                "abort_incomplete_multipart_upload": [],
                "expiration": [],
                "filter": [
                  {
                    "and": [],
                    "object_size_greater_than": null,
                    "object_size_less_than": null,
                    "prefix": "raw/KR/",
                    "tag": []
                  }
                ],
                "id": "raw-cold-storage",
                "noncurrent_version_expiration": [],
                "noncurrent_version_transition": [],
                "prefix": "",
                "status": "Enabled",
                "transition": [
                  {
                    "date": null,
                    "days": 30,
                    "storage_class": "STANDARD_IA"
                  },
                  {
                    "date": null,
                    "days": 60,
                    "storage_class": "GLACIER"
                  }
                ]
              }
            ],
            "timeouts": null,
            "transition_default_minimum_object_size": "all_storage_classes_128K"
          },
          "sensitive_attributes": [],
          "identity_schema_version": 0,
          "dependencies": [
            "aws_s3_bucket.pipeline",
            "data.aws_caller_identity.current"
          ]
        }
      ]
    },
    {
      "mode": "managed",
      "type": "aws_s3_bucket_public_access_block",
      "name": "pipeline",
      "provider": "provider[\"registry.terraform.io/hashicorp/aws\"]",
      "instances": [
        {
          "schema_version": 0,
          "attributes": {
            "block_public_acls": true,
            "block_public_policy": true,
            "bucket": "lovv-data-pipeline-dev-925273580929",
            "id": "lovv-data-pipeline-dev-925273580929",
            "ignore_public_acls": true,
            "restrict_public_buckets": true
          },
          "sensitive_attributes": [],
          "identity_schema_version": 0,
          "private": "bnVsbA==",
          "dependencies": [
            "aws_s3_bucket.pipeline",
            "data.aws_caller_identity.current"
          ]
        }
      ]
    },
    {
      "mode": "managed",
      "type": "aws_s3_bucket_server_side_encryption_configuration",
      "name": "pipeline",
      "provider": "provider[\"registry.terraform.io/hashicorp/aws\"]",
      "instances": [
        {
          "schema_version": 0,
          "attributes": {
            "bucket": "lovv-data-pipeline-dev-925273580929",
            "expected_bucket_owner": "",
            "id": "lovv-data-pipeline-dev-925273580929",
            "rule": [
              {
                "apply_server_side_encryption_by_default": [
                  {
                    "kms_master_key_id": "",
                    "sse_algorithm": "AES256"
                  }
                ],
                "bucket_key_enabled": false
              }
            ]
          },
          "sensitive_attributes": [],
          "identity_schema_version": 0,
          "private": "bnVsbA==",
          "dependencies": [
            "aws_s3_bucket.pipeline",
            "data.aws_caller_identity.current"
          ]
        }
      ]
    },
    {
      "mode": "managed",
      "type": "aws_s3_bucket_versioning",
      "name": "pipeline",
      "provider": "provider[\"registry.terraform.io/hashicorp/aws\"]",
      "instances": [
        {
          "schema_version": 0,
          "attributes": {
            "bucket": "lovv-data-pipeline-dev-925273580929",
            "expected_bucket_owner": "",
            "id": "lovv-data-pipeline-dev-925273580929",
            "mfa": null,
            "versioning_configuration": [
              {
                "mfa_delete": "",
                "status": "Enabled"
              }
            ]
          },
          "sensitive_attributes": [],
          "identity_schema_version": 0,
          "private": "bnVsbA==",
          "dependencies": [
            "aws_s3_bucket.pipeline",
            "data.aws_caller_identity.current"
          ]
        }
      ]
    }
  ],
  "check_results": null
}
